// !$*UTF8*$!
{
	archiveVersion = 1;
	classes = {
	};
	objectVersion = 45;
	objects = {

/* Begin PBXBuildFile section */
		17070741110203D70074F836 /* NetworkActivityIndicator.m in Sources */ = {isa = PBXBuildFile; fileRef = 17070740110203D70074F836 /* NetworkActivityIndicator.m */; };
		17070742110203D70074F836 /* NetworkActivityIndicator.m in Sources */ = {isa = PBXBuildFile; fileRef = 17070740110203D70074F836 /* NetworkActivityIndicator.m */; };
		170707C31102914A0074F836 /* ErrorHandling.m in Sources */ = {isa = PBXBuildFile; fileRef = 170707C21102914A0074F836 /* ErrorHandling.m */; };
		170707C41102914A0074F836 /* ErrorHandling.m in Sources */ = {isa = PBXBuildFile; fileRef = 170707C21102914A0074F836 /* ErrorHandling.m */; };
		170708AF1104261E0074F836 /* Settings.m in Sources */ = {isa = PBXBuildFile; fileRef = 170708AE1104261E0074F836 /* Settings.m */; };
		170708B01104261E0074F836 /* Settings.m in Sources */ = {isa = PBXBuildFile; fileRef = 170708AE1104261E0074F836 /* Settings.m */; };
		170708BB110448E50074F836 /* SettingsStartUpScreenController.m in Sources */ = {isa = PBXBuildFile; fileRef = 170708BA110448E50074F836 /* SettingsStartUpScreenController.m */; };
		170708BC110448E50074F836 /* SettingsStartUpScreenController.m in Sources */ = {isa = PBXBuildFile; fileRef = 170708BA110448E50074F836 /* SettingsStartUpScreenController.m */; };
		1713230A1085168F007F6C24 /* PostViewController.m in Sources */ = {isa = PBXBuildFile; fileRef = 171323081085168F007F6C24 /* PostViewController.m */; };
		17132615108A1203007F6C24 /* CoreData.framework in Frameworks */ = {isa = PBXBuildFile; fileRef = 17132614108A1203007F6C24 /* CoreData.framework */; };
		17132681108A163B007F6C24 /* Post.m in Sources */ = {isa = PBXBuildFile; fileRef = 1713267F108A163B007F6C24 /* Post.m */; };
		171326D0108A238E007F6C24 /* Model.m in Sources */ = {isa = PBXBuildFile; fileRef = 171326CF108A238E007F6C24 /* Model.m */; };
		17132995108A82A4007F6C24 /* Icon.png in Resources */ = {isa = PBXBuildFile; fileRef = 17132994108A82A4007F6C24 /* Icon.png */; };
		17132A56108B240B007F6C24 /* SinglePostTemplate.html in Resources */ = {isa = PBXBuildFile; fileRef = 17132A55108B240B007F6C24 /* SinglePostTemplate.html */; };
		17132AA7108B3017007F6C24 /* UserPicCache.m in Sources */ = {isa = PBXBuildFile; fileRef = 17132AA6108B3017007F6C24 /* UserPicCache.m */; };
		17132B30108B386E007F6C24 /* community.png in Resources */ = {isa = PBXBuildFile; fileRef = 17132B2F108B386E007F6C24 /* community.png */; };
		17132B34108B3A47007F6C24 /* user.png in Resources */ = {isa = PBXBuildFile; fileRef = 17132B33108B3A47007F6C24 /* user.png */; };
		17132C74108BB5B8007F6C24 /* newpost.png in Resources */ = {isa = PBXBuildFile; fileRef = 17132C73108BB5B8007F6C24 /* newpost.png */; };
		17132C77108BB6EA007F6C24 /* friends.png in Resources */ = {isa = PBXBuildFile; fileRef = 17132C76108BB6EA007F6C24 /* friends.png */; };
		173FB76610BB490600FD0652 /* LJFriendsPageController.m in Sources */ = {isa = PBXBuildFile; fileRef = 173FB76510BB490600FD0652 /* LJFriendsPageController.m */; };
		173FB76710BB490600FD0652 /* LJFriendsPageController.m in Sources */ = {isa = PBXBuildFile; fileRef = 173FB76510BB490600FD0652 /* LJFriendsPageController.m */; };
		173FB7EA10BB4F9F00FD0652 /* WebFriendsPageController.m in Sources */ = {isa = PBXBuildFile; fileRef = 173FB7E910BB4F9F00FD0652 /* WebFriendsPageController.m */; };
		173FB7EB10BB4F9F00FD0652 /* WebFriendsPageController.m in Sources */ = {isa = PBXBuildFile; fileRef = 173FB7E910BB4F9F00FD0652 /* WebFriendsPageController.m */; };
		173FB97910BCAE9C00FD0652 /* lock.png in Resources */ = {isa = PBXBuildFile; fileRef = 173FB97810BCAE9C00FD0652 /* lock.png */; };
		173FB97A10BCAE9C00FD0652 /* lock.png in Resources */ = {isa = PBXBuildFile; fileRef = 173FB97810BCAE9C00FD0652 /* lock.png */; };
		173FBEF910C4758200FD0652 /* PostOptionsController.m in Sources */ = {isa = PBXBuildFile; fileRef = 173FBEF810C4758200FD0652 /* PostOptionsController.m */; };
		173FBEFA10C4758300FD0652 /* PostOptionsController.m in Sources */ = {isa = PBXBuildFile; fileRef = 173FBEF810C4758200FD0652 /* PostOptionsController.m */; };
		173FBFC210C4A3CD00FD0652 /* PostJournalController.m in Sources */ = {isa = PBXBuildFile; fileRef = 173FBFC110C4A3CD00FD0652 /* PostJournalController.m */; };
		173FBFC310C4A3CD00FD0652 /* PostJournalController.m in Sources */ = {isa = PBXBuildFile; fileRef = 173FBFC110C4A3CD00FD0652 /* PostJournalController.m */; };
		173FC15510C5F53700FD0652 /* PostSecurityController.m in Sources */ = {isa = PBXBuildFile; fileRef = 173FC15410C5F53700FD0652 /* PostSecurityController.m */; };
		173FC15610C5F53700FD0652 /* PostSecurityController.m in Sources */ = {isa = PBXBuildFile; fileRef = 173FC15410C5F53700FD0652 /* PostSecurityController.m */; };
		1746704D10AD0353008298F8 /* RefreshTurnedOff.html in Resources */ = {isa = PBXBuildFile; fileRef = 1746704C10AD0353008298F8 /* RefreshTurnedOff.html */; };
		1746704E10AD0353008298F8 /* RefreshTurnedOff.html in Resources */ = {isa = PBXBuildFile; fileRef = 1746704C10AD0353008298F8 /* RefreshTurnedOff.html */; };
		1750B0D71097A3B200C1D2A8 /* video.png in Resources */ = {isa = PBXBuildFile; fileRef = 1750B0D61097A3B200C1D2A8 /* video.png */; };
		1750B0D91097A41000C1D2A8 /* image.png in Resources */ = {isa = PBXBuildFile; fileRef = 1750B0D81097A41000C1D2A8 /* image.png */; };
		1750B14B1097B3F900C1D2A8 /* MainWindow.xib in Resources */ = {isa = PBXBuildFile; fileRef = 28AD735F0D9D9599002E5188 /* MainWindow.xib */; };
		1750B14C1097B3F900C1D2A8 /* AccountsViewController.xib in Resources */ = {isa = PBXBuildFile; fileRef = 17DB0BD01075444F00155636 /* AccountsViewController.xib */; };
		1750B14D1097B3F900C1D2A8 /* AccountEditorController.xib in Resources */ = {isa = PBXBuildFile; fileRef = 17DB0BF11075462000155636 /* AccountEditorController.xib */; };
		1750B14E1097B3F900C1D2A8 /* Entitlements.plist in Resources */ = {isa = PBXBuildFile; fileRef = 17DB0C951076616400155636 /* Entitlements.plist */; };
		1750B1501097B3F900C1D2A8 /* forward.png in Resources */ = {isa = PBXBuildFile; fileRef = 1789BE5F107A894B00964DA2 /* forward.png */; };
		1750B1511097B3F900C1D2A8 /* back.png in Resources */ = {isa = PBXBuildFile; fileRef = 1789BE61107A89F200964DA2 /* back.png */; };
		1750B1521097B3F900C1D2A8 /* PostEditorController.xib in Resources */ = {isa = PBXBuildFile; fileRef = 1789BFE1107E73BA00964DA2 /* PostEditorController.xib */; };
		1750B1541097B3F900C1D2A8 /* IconLite.png in Resources */ = {isa = PBXBuildFile; fileRef = 17B4C63E10827C360005660E /* IconLite.png */; };
		1750B1561097B3F900C1D2A8 /* Icon.png in Resources */ = {isa = PBXBuildFile; fileRef = 17132994108A82A4007F6C24 /* Icon.png */; };
		1750B1571097B3F900C1D2A8 /* SinglePostTemplate.html in Resources */ = {isa = PBXBuildFile; fileRef = 17132A55108B240B007F6C24 /* SinglePostTemplate.html */; };
		1750B1581097B3F900C1D2A8 /* community.png in Resources */ = {isa = PBXBuildFile; fileRef = 17132B2F108B386E007F6C24 /* community.png */; };
		1750B1591097B3F900C1D2A8 /* user.png in Resources */ = {isa = PBXBuildFile; fileRef = 17132B33108B3A47007F6C24 /* user.png */; };
		1750B15A1097B3F900C1D2A8 /* newpost.png in Resources */ = {isa = PBXBuildFile; fileRef = 17132C73108BB5B8007F6C24 /* newpost.png */; };
		1750B15B1097B3F900C1D2A8 /* friends.png in Resources */ = {isa = PBXBuildFile; fileRef = 17132C76108BB6EA007F6C24 /* friends.png */; };
		1750B15C1097B3F900C1D2A8 /* WebViewController.xib in Resources */ = {isa = PBXBuildFile; fileRef = 1759F31A1093674E0008AA60 /* WebViewController.xib */; };
		1750B15D1097B3F900C1D2A8 /* comments.png in Resources */ = {isa = PBXBuildFile; fileRef = 1759F49C1096514B0008AA60 /* comments.png */; };
		1750B15E1097B3F900C1D2A8 /* video.png in Resources */ = {isa = PBXBuildFile; fileRef = 1750B0D61097A3B200C1D2A8 /* video.png */; };
		1750B15F1097B3F900C1D2A8 /* image.png in Resources */ = {isa = PBXBuildFile; fileRef = 1750B0D81097A41000C1D2A8 /* image.png */; };
		1750B1611097B3F900C1D2A8 /* main.m in Sources */ = {isa = PBXBuildFile; fileRef = 29B97316FDCFA39411CA2CEA /* main.m */; };
		1750B1621097B3F900C1D2A8 /* JournalerAppDelegate.m in Sources */ = {isa = PBXBuildFile; fileRef = 1D3623250D0F684500981E51 /* JournalerAppDelegate.m */; };
		1750B1641097B3F900C1D2A8 /* LiveJournal.m in Sources */ = {isa = PBXBuildFile; fileRef = 17DB0CC110768D2900155636 /* LiveJournal.m */; };
		1750B1651097B3F900C1D2A8 /* AccountEditorController.m in Sources */ = {isa = PBXBuildFile; fileRef = 17FCD7151078C70700806088 /* AccountEditorController.m */; };
		1750B1671097B3F900C1D2A8 /* PostEditorController.m in Sources */ = {isa = PBXBuildFile; fileRef = 1789BFE0107E73BA00964DA2 /* PostEditorController.m */; };
		1750B1681097B3F900C1D2A8 /* RegexKitLite.m in Sources */ = {isa = PBXBuildFile; fileRef = 17B4C538108132E80005660E /* RegexKitLite.m */; };
		1750B1691097B3F900C1D2A8 /* XMLRPCConnection.m in Sources */ = {isa = PBXBuildFile; fileRef = 17B4C9A61083C8BC0005660E /* XMLRPCConnection.m */; };
		1750B16A1097B3F900C1D2A8 /* XMLRPCConnectionManager.m in Sources */ = {isa = PBXBuildFile; fileRef = 17B4C9A91083C8BC0005660E /* XMLRPCConnectionManager.m */; };
		1750B16B1097B3F900C1D2A8 /* XMLRPCEncoder.m in Sources */ = {isa = PBXBuildFile; fileRef = 17B4C9AB1083C8BC0005660E /* XMLRPCEncoder.m */; };
		1750B16C1097B3F900C1D2A8 /* XMLRPCEventBasedParser.m in Sources */ = {isa = PBXBuildFile; fileRef = 17B4C9AD1083C8BC0005660E /* XMLRPCEventBasedParser.m */; };
		1750B16D1097B3F900C1D2A8 /* XMLRPCEventBasedParserDelegate.m in Sources */ = {isa = PBXBuildFile; fileRef = 17B4C9AF1083C8BC0005660E /* XMLRPCEventBasedParserDelegate.m */; };
		1750B16E1097B3F900C1D2A8 /* XMLRPCRequest.m in Sources */ = {isa = PBXBuildFile; fileRef = 17B4C9B11083C8BC0005660E /* XMLRPCRequest.m */; };
		1750B16F1097B3F900C1D2A8 /* XMLRPCResponse.m in Sources */ = {isa = PBXBuildFile; fileRef = 17B4C9B31083C8BC0005660E /* XMLRPCResponse.m */; };
		1750B1701097B3F900C1D2A8 /* NSStringAdditions.m in Sources */ = {isa = PBXBuildFile; fileRef = 17B4C9BF1083C8DA0005660E /* NSStringAdditions.m */; };
		1750B1711097B3F900C1D2A8 /* NSDataAdditions.m in Sources */ = {isa = PBXBuildFile; fileRef = 17B4C9C11083C8DA0005660E /* NSDataAdditions.m */; };
		1750B1721097B3F900C1D2A8 /* PostViewController.m in Sources */ = {isa = PBXBuildFile; fileRef = 171323081085168F007F6C24 /* PostViewController.m */; };
		1750B1731097B3F900C1D2A8 /* Post.m in Sources */ = {isa = PBXBuildFile; fileRef = 1713267F108A163B007F6C24 /* Post.m */; };
		1750B1741097B3F900C1D2A8 /* Model.m in Sources */ = {isa = PBXBuildFile; fileRef = 171326CF108A238E007F6C24 /* Model.m */; };
		1750B1761097B3F900C1D2A8 /* UserPicCache.m in Sources */ = {isa = PBXBuildFile; fileRef = 17132AA6108B3017007F6C24 /* UserPicCache.m */; };
		1750B1791097B3F900C1D2A8 /* WebViewController.m in Sources */ = {isa = PBXBuildFile; fileRef = 1759F3191093674E0008AA60 /* WebViewController.m */; };
		1750B17B1097B3F900C1D2A8 /* Foundation.framework in Frameworks */ = {isa = PBXBuildFile; fileRef = 1D30AB110D05D00D00671497 /* Foundation.framework */; };
		1750B17C1097B3F900C1D2A8 /* UIKit.framework in Frameworks */ = {isa = PBXBuildFile; fileRef = 1DF5F4DF0D08C38300B7A737 /* UIKit.framework */; };
		1750B17D1097B3F900C1D2A8 /* CoreGraphics.framework in Frameworks */ = {isa = PBXBuildFile; fileRef = 2892E40F0DC94CBA00A64D0F /* CoreGraphics.framework */; };
		1750B17E1097B3F900C1D2A8 /* CoreData.framework in Frameworks */ = {isa = PBXBuildFile; fileRef = 17132614108A1203007F6C24 /* CoreData.framework */; };
		1750B36D1098EF1400C1D2A8 /* AddressBook.framework in Frameworks */ = {isa = PBXBuildFile; fileRef = 1750B3681098EF1400C1D2A8 /* AddressBook.framework */; };
		1750B36E1098EF1400C1D2A8 /* AudioToolbox.framework in Frameworks */ = {isa = PBXBuildFile; fileRef = 1750B3691098EF1400C1D2A8 /* AudioToolbox.framework */; };
		1750B36F1098EF1400C1D2A8 /* CoreLocation.framework in Frameworks */ = {isa = PBXBuildFile; fileRef = 1750B36A1098EF1400C1D2A8 /* CoreLocation.framework */; };
		1750B3701098EF1400C1D2A8 /* MediaPlayer.framework in Frameworks */ = {isa = PBXBuildFile; fileRef = 1750B36B1098EF1400C1D2A8 /* MediaPlayer.framework */; };
		1750B3711098EF1400C1D2A8 /* QuartzCore.framework in Frameworks */ = {isa = PBXBuildFile; fileRef = 1750B36C1098EF1400C1D2A8 /* QuartzCore.framework */; };
		1750B3AF1098EF3300C1D2A8 /* MessageUI.framework in Frameworks */ = {isa = PBXBuildFile; fileRef = 1750B3AE1098EF3300C1D2A8 /* MessageUI.framework */; };
		1750B3F91098F42300C1D2A8 /* libAdMobSimulator3_0.a in Frameworks */ = {isa = PBXBuildFile; fileRef = 1750B3F71098F42300C1D2A8 /* libAdMobSimulator3_0.a */; };
		1750B3FA1098F42300C1D2A8 /* libAdMobDevice3_0.a in Frameworks */ = {isa = PBXBuildFile; fileRef = 1750B3F81098F42300C1D2A8 /* libAdMobDevice3_0.a */; };
		1759F31B1093674E0008AA60 /* WebViewController.m in Sources */ = {isa = PBXBuildFile; fileRef = 1759F3191093674E0008AA60 /* WebViewController.m */; };
		1759F31C1093674E0008AA60 /* WebViewController.xib in Resources */ = {isa = PBXBuildFile; fileRef = 1759F31A1093674E0008AA60 /* WebViewController.xib */; };
		1759F49D1096514B0008AA60 /* comments.png in Resources */ = {isa = PBXBuildFile; fileRef = 1759F49C1096514B0008AA60 /* comments.png */; };
		176E729F10B1FE9E000B9127 /* ALProperty.m in Sources */ = {isa = PBXBuildFile; fileRef = 176E729E10B1FE9E000B9127 /* ALProperty.m */; };
		176E72A010B1FE9E000B9127 /* ALProperty.m in Sources */ = {isa = PBXBuildFile; fileRef = 176E729E10B1FE9E000B9127 /* ALProperty.m */; };
		17704A5C10A238C100C1EFB2 /* ALAppUse.m in Sources */ = {isa = PBXBuildFile; fileRef = 17704A5710A238C100C1EFB2 /* ALAppUse.m */; };
		17704A5D10A238C100C1EFB2 /* ALDeviceInfo.m in Sources */ = {isa = PBXBuildFile; fileRef = 17704A5910A238C100C1EFB2 /* ALDeviceInfo.m */; };
		17704A5E10A238C100C1EFB2 /* ALReporter.m in Sources */ = {isa = PBXBuildFile; fileRef = 17704A5B10A238C100C1EFB2 /* ALReporter.m */; };
		17704A5F10A238C100C1EFB2 /* ALAppUse.m in Sources */ = {isa = PBXBuildFile; fileRef = 17704A5710A238C100C1EFB2 /* ALAppUse.m */; };
		17704A6010A238C100C1EFB2 /* ALDeviceInfo.m in Sources */ = {isa = PBXBuildFile; fileRef = 17704A5910A238C100C1EFB2 /* ALDeviceInfo.m */; };
		17704A6110A238C100C1EFB2 /* ALReporter.m in Sources */ = {isa = PBXBuildFile; fileRef = 17704A5B10A238C100C1EFB2 /* ALReporter.m */; };
		1789BE60107A894B00964DA2 /* forward.png in Resources */ = {isa = PBXBuildFile; fileRef = 1789BE5F107A894B00964DA2 /* forward.png */; };
		1789BE62107A89F200964DA2 /* back.png in Resources */ = {isa = PBXBuildFile; fileRef = 1789BE61107A89F200964DA2 /* back.png */; };
		1789BFE2107E73BA00964DA2 /* PostEditorController.m in Sources */ = {isa = PBXBuildFile; fileRef = 1789BFE0107E73BA00964DA2 /* PostEditorController.m */; };
		1789BFE3107E73BA00964DA2 /* PostEditorController.xib in Resources */ = {isa = PBXBuildFile; fileRef = 1789BFE1107E73BA00964DA2 /* PostEditorController.xib */; };
		17B29B0810FA48A700C5EFA4 /* AccountsViewController.m in Sources */ = {isa = PBXBuildFile; fileRef = 17B29B0710FA48A700C5EFA4 /* AccountsViewController.m */; };
		17B29BE610FA826700C5EFA4 /* SettingsController.m in Sources */ = {isa = PBXBuildFile; fileRef = 17B29BE410FA826700C5EFA4 /* SettingsController.m */; };
		17B29BE710FA826700C5EFA4 /* SettingsController.xib in Resources */ = {isa = PBXBuildFile; fileRef = 17B29BE510FA826700C5EFA4 /* SettingsController.xib */; };
		17B29BE810FA826700C5EFA4 /* SettingsController.m in Sources */ = {isa = PBXBuildFile; fileRef = 17B29BE410FA826700C5EFA4 /* SettingsController.m */; };
		17B29BE910FA826700C5EFA4 /* SettingsController.xib in Resources */ = {isa = PBXBuildFile; fileRef = 17B29BE510FA826700C5EFA4 /* SettingsController.xib */; };
		17B462E410BA2647004D0E0F /* PostPreviewCell.m in Sources */ = {isa = PBXBuildFile; fileRef = 17B462E310BA2647004D0E0F /* PostPreviewCell.m */; };
		17B462E510BA2647004D0E0F /* PostPreviewCell.m in Sources */ = {isa = PBXBuildFile; fileRef = 17B462E310BA2647004D0E0F /* PostPreviewCell.m */; };
		17B462E810BA2659004D0E0F /* PostPreviewView.m in Sources */ = {isa = PBXBuildFile; fileRef = 17B462E710BA2659004D0E0F /* PostPreviewView.m */; };
		17B462E910BA2659004D0E0F /* PostPreviewView.m in Sources */ = {isa = PBXBuildFile; fileRef = 17B462E710BA2659004D0E0F /* PostPreviewView.m */; };
		17B4666110BB4854004D0E0F /* FriendsPageController.m in Sources */ = {isa = PBXBuildFile; fileRef = 17B4666010BB4854004D0E0F /* FriendsPageController.m */; };
		17B4666210BB4854004D0E0F /* FriendsPageController.m in Sources */ = {isa = PBXBuildFile; fileRef = 17B4666010BB4854004D0E0F /* FriendsPageController.m */; };
		17B4C53A108132E80005660E /* RegexKitLite.m in Sources */ = {isa = PBXBuildFile; fileRef = 17B4C538108132E80005660E /* RegexKitLite.m */; };
		17B4C63F10827C360005660E /* IconLite.png in Resources */ = {isa = PBXBuildFile; fileRef = 17B4C63E10827C360005660E /* IconLite.png */; };
		17B4C9B61083C8BC0005660E /* XMLRPCConnection.m in Sources */ = {isa = PBXBuildFile; fileRef = 17B4C9A61083C8BC0005660E /* XMLRPCConnection.m */; };
		17B4C9B71083C8BC0005660E /* XMLRPCConnectionManager.m in Sources */ = {isa = PBXBuildFile; fileRef = 17B4C9A91083C8BC0005660E /* XMLRPCConnectionManager.m */; };
		17B4C9B81083C8BC0005660E /* XMLRPCEncoder.m in Sources */ = {isa = PBXBuildFile; fileRef = 17B4C9AB1083C8BC0005660E /* XMLRPCEncoder.m */; };
		17B4C9B91083C8BC0005660E /* XMLRPCEventBasedParser.m in Sources */ = {isa = PBXBuildFile; fileRef = 17B4C9AD1083C8BC0005660E /* XMLRPCEventBasedParser.m */; };
		17B4C9BA1083C8BC0005660E /* XMLRPCEventBasedParserDelegate.m in Sources */ = {isa = PBXBuildFile; fileRef = 17B4C9AF1083C8BC0005660E /* XMLRPCEventBasedParserDelegate.m */; };
		17B4C9BB1083C8BC0005660E /* XMLRPCRequest.m in Sources */ = {isa = PBXBuildFile; fileRef = 17B4C9B11083C8BC0005660E /* XMLRPCRequest.m */; };
		17B4C9BC1083C8BC0005660E /* XMLRPCResponse.m in Sources */ = {isa = PBXBuildFile; fileRef = 17B4C9B31083C8BC0005660E /* XMLRPCResponse.m */; };
		17B4C9C31083C8DA0005660E /* NSStringAdditions.m in Sources */ = {isa = PBXBuildFile; fileRef = 17B4C9BF1083C8DA0005660E /* NSStringAdditions.m */; };
		17B4C9C41083C8DA0005660E /* NSDataAdditions.m in Sources */ = {isa = PBXBuildFile; fileRef = 17B4C9C11083C8DA0005660E /* NSDataAdditions.m */; };
		17B62DB710B7355600C974DE /* AccountTabBarController.m in Sources */ = {isa = PBXBuildFile; fileRef = 17B62DB610B7355600C974DE /* AccountTabBarController.m */; };
		17B62DB810B7355600C974DE /* AccountTabBarController.m in Sources */ = {isa = PBXBuildFile; fileRef = 17B62DB610B7355600C974DE /* AccountTabBarController.m */; };
		17B62E6910B74AA800C974DE /* FriendsPageController.xib in Resources */ = {isa = PBXBuildFile; fileRef = 17B62E6810B74AA800C974DE /* FriendsPageController.xib */; };
		17B62E6A10B74AA800C974DE /* FriendsPageController.xib in Resources */ = {isa = PBXBuildFile; fileRef = 17B62E6810B74AA800C974DE /* FriendsPageController.xib */; };
		17B633FD10B8CD6B00C974DE /* lock.gif in Resources */ = {isa = PBXBuildFile; fileRef = 17B633FC10B8CD6B00C974DE /* lock.gif */; };
		17B633FE10B8CD6B00C974DE /* lock.gif in Resources */ = {isa = PBXBuildFile; fileRef = 17B633FC10B8CD6B00C974DE /* lock.gif */; };
		17B6340810B8CF8000C974DE /* Journaler.xcdatamodeld in Sources */ = {isa = PBXBuildFile; fileRef = 17B6340710B8CF8000C974DE /* Journaler.xcdatamodeld */; };
		17B6340910B8CF8000C974DE /* Journaler.xcdatamodeld in Sources */ = {isa = PBXBuildFile; fileRef = 17B6340710B8CF8000C974DE /* Journaler.xcdatamodeld */; };
		17B6345410B8D31900C974DE /* v1-v2.xcmappingmodel in Sources */ = {isa = PBXBuildFile; fileRef = 17B6345310B8D31900C974DE /* v1-v2.xcmappingmodel */; };
		17B6345510B8D31900C974DE /* v1-v2.xcmappingmodel in Sources */ = {isa = PBXBuildFile; fileRef = 17B6345310B8D31900C974DE /* v1-v2.xcmappingmodel */; };
		17DB0BD21075444F00155636 /* AccountsViewController.xib in Resources */ = {isa = PBXBuildFile; fileRef = 17DB0BD01075444F00155636 /* AccountsViewController.xib */; };
		17DB0BF31075462000155636 /* AccountEditorController.xib in Resources */ = {isa = PBXBuildFile; fileRef = 17DB0BF11075462000155636 /* AccountEditorController.xib */; };
		17DB0C961076616400155636 /* Entitlements.plist in Resources */ = {isa = PBXBuildFile; fileRef = 17DB0C951076616400155636 /* Entitlements.plist */; };
		17DB0CC210768D2900155636 /* LiveJournal.m in Sources */ = {isa = PBXBuildFile; fileRef = 17DB0CC110768D2900155636 /* LiveJournal.m */; };
		17FCD7161078C70700806088 /* AccountEditorController.m in Sources */ = {isa = PBXBuildFile; fileRef = 17FCD7151078C70700806088 /* AccountEditorController.m */; };
		1D3623260D0F684500981E51 /* JournalerAppDelegate.m in Sources */ = {isa = PBXBuildFile; fileRef = 1D3623250D0F684500981E51 /* JournalerAppDelegate.m */; };
		1D60589B0D05DD56006BFB54 /* main.m in Sources */ = {isa = PBXBuildFile; fileRef = 29B97316FDCFA39411CA2CEA /* main.m */; };
		1D60589F0D05DD5A006BFB54 /* Foundation.framework in Frameworks */ = {isa = PBXBuildFile; fileRef = 1D30AB110D05D00D00671497 /* Foundation.framework */; };
		1DF5F4E00D08C38300B7A737 /* UIKit.framework in Frameworks */ = {isa = PBXBuildFile; fileRef = 1DF5F4DF0D08C38300B7A737 /* UIKit.framework */; };
		2892E4100DC94CBA00A64D0F /* CoreGraphics.framework in Frameworks */ = {isa = PBXBuildFile; fileRef = 2892E40F0DC94CBA00A64D0F /* CoreGraphics.framework */; };
		28AD73600D9D9599002E5188 /* MainWindow.xib in Resources */ = {isa = PBXBuildFile; fileRef = 28AD735F0D9D9599002E5188 /* MainWindow.xib */; };
/* End PBXBuildFile section */

/* Begin PBXFileReference section */
		1707073F110203D70074F836 /* NetworkActivityIndicator.h */ = {isa = PBXFileReference; fileEncoding = 4; lastKnownFileType = sourcecode.c.h; path = NetworkActivityIndicator.h; sourceTree = "<group>"; };
		17070740110203D70074F836 /* NetworkActivityIndicator.m */ = {isa = PBXFileReference; fileEncoding = 4; lastKnownFileType = sourcecode.c.objc; path = NetworkActivityIndicator.m; sourceTree = "<group>"; };
		170707C11102914A0074F836 /* ErrorHandling.h */ = {isa = PBXFileReference; fileEncoding = 4; lastKnownFileType = sourcecode.c.h; path = ErrorHandling.h; sourceTree = "<group>"; };
		170707C21102914A0074F836 /* ErrorHandling.m */ = {isa = PBXFileReference; fileEncoding = 4; lastKnownFileType = sourcecode.c.objc; path = ErrorHandling.m; sourceTree = "<group>"; };
		170708AD1104261E0074F836 /* Settings.h */ = {isa = PBXFileReference; fileEncoding = 4; lastKnownFileType = sourcecode.c.h; path = Settings.h; sourceTree = "<group>"; };
		170708AE1104261E0074F836 /* Settings.m */ = {isa = PBXFileReference; fileEncoding = 4; lastKnownFileType = sourcecode.c.objc; path = Settings.m; sourceTree = "<group>"; };
		170708B9110448E50074F836 /* SettingsStartUpScreenController.h */ = {isa = PBXFileReference; fileEncoding = 4; lastKnownFileType = sourcecode.c.h; path = SettingsStartUpScreenController.h; sourceTree = "<group>"; };
		170708BA110448E50074F836 /* SettingsStartUpScreenController.m */ = {isa = PBXFileReference; fileEncoding = 4; lastKnownFileType = sourcecode.c.objc; path = SettingsStartUpScreenController.m; sourceTree = "<group>"; };
		171323071085168F007F6C24 /* PostViewController.h */ = {isa = PBXFileReference; fileEncoding = 4; lastKnownFileType = sourcecode.c.h; path = PostViewController.h; sourceTree = "<group>"; };
		171323081085168F007F6C24 /* PostViewController.m */ = {isa = PBXFileReference; fileEncoding = 4; lastKnownFileType = sourcecode.c.objc; path = PostViewController.m; sourceTree = "<group>"; };
		171323091085168F007F6C24 /* PostViewController.xib */ = {isa = PBXFileReference; lastKnownFileType = file.xib; name = PostViewController.xib; path = Classes/PostViewController.xib; sourceTree = "<group>"; };
		17132614108A1203007F6C24 /* CoreData.framework */ = {isa = PBXFileReference; lastKnownFileType = wrapper.framework; name = CoreData.framework; path = System/Library/Frameworks/CoreData.framework; sourceTree = SDKROOT; };
		1713267E108A163B007F6C24 /* Post.h */ = {isa = PBXFileReference; fileEncoding = 4; lastKnownFileType = sourcecode.c.h; path = Post.h; sourceTree = "<group>"; };
		1713267F108A163B007F6C24 /* Post.m */ = {isa = PBXFileReference; fileEncoding = 4; lastKnownFileType = sourcecode.c.objc; path = Post.m; sourceTree = "<group>"; };
		171326CE108A238E007F6C24 /* Model.h */ = {isa = PBXFileReference; fileEncoding = 4; lastKnownFileType = sourcecode.c.h; path = Model.h; sourceTree = "<group>"; };
		171326CF108A238E007F6C24 /* Model.m */ = {isa = PBXFileReference; fileEncoding = 4; lastKnownFileType = sourcecode.c.objc; path = Model.m; sourceTree = "<group>"; };
		17132865108A4A89007F6C24 /* Journaler.xcdatamodel */ = {isa = PBXFileReference; fileEncoding = 4; lastKnownFileType = wrapper.xcdatamodel; path = Journaler.xcdatamodel; sourceTree = "<group>"; };
		17132994108A82A4007F6C24 /* Icon.png */ = {isa = PBXFileReference; lastKnownFileType = image.png; path = Icon.png; sourceTree = "<group>"; };
		17132A55108B240B007F6C24 /* SinglePostTemplate.html */ = {isa = PBXFileReference; fileEncoding = 4; lastKnownFileType = text.html; path = SinglePostTemplate.html; sourceTree = "<group>"; };
		17132AA5108B3017007F6C24 /* UserPicCache.h */ = {isa = PBXFileReference; fileEncoding = 4; lastKnownFileType = sourcecode.c.h; path = UserPicCache.h; sourceTree = "<group>"; };
		17132AA6108B3017007F6C24 /* UserPicCache.m */ = {isa = PBXFileReference; fileEncoding = 4; lastKnownFileType = sourcecode.c.objc; path = UserPicCache.m; sourceTree = "<group>"; };
		17132B2F108B386E007F6C24 /* community.png */ = {isa = PBXFileReference; lastKnownFileType = image.png; path = community.png; sourceTree = "<group>"; };
		17132B33108B3A47007F6C24 /* user.png */ = {isa = PBXFileReference; lastKnownFileType = image.png; path = user.png; sourceTree = "<group>"; };
		17132C73108BB5B8007F6C24 /* newpost.png */ = {isa = PBXFileReference; lastKnownFileType = image.png; path = newpost.png; sourceTree = "<group>"; };
		17132C76108BB6EA007F6C24 /* friends.png */ = {isa = PBXFileReference; lastKnownFileType = image.png; path = friends.png; sourceTree = "<group>"; };
		173FB76510BB490600FD0652 /* LJFriendsPageController.m */ = {isa = PBXFileReference; fileEncoding = 4; lastKnownFileType = sourcecode.c.objc; path = LJFriendsPageController.m; sourceTree = "<group>"; };
		173FB7E810BB4F9F00FD0652 /* WebFriendsPageController.h */ = {isa = PBXFileReference; fileEncoding = 4; lastKnownFileType = sourcecode.c.h; path = WebFriendsPageController.h; sourceTree = "<group>"; };
		173FB7E910BB4F9F00FD0652 /* WebFriendsPageController.m */ = {isa = PBXFileReference; fileEncoding = 4; lastKnownFileType = sourcecode.c.objc; path = WebFriendsPageController.m; sourceTree = "<group>"; };
		173FB97810BCAE9C00FD0652 /* lock.png */ = {isa = PBXFileReference; lastKnownFileType = image.png; path = lock.png; sourceTree = "<group>"; };
		173FBEF710C4758200FD0652 /* PostOptionsController.h */ = {isa = PBXFileReference; fileEncoding = 4; lastKnownFileType = sourcecode.c.h; path = PostOptionsController.h; sourceTree = "<group>"; };
		173FBEF810C4758200FD0652 /* PostOptionsController.m */ = {isa = PBXFileReference; fileEncoding = 4; lastKnownFileType = sourcecode.c.objc; path = PostOptionsController.m; sourceTree = "<group>"; };
		173FBFC010C4A3CD00FD0652 /* PostJournalController.h */ = {isa = PBXFileReference; fileEncoding = 4; lastKnownFileType = sourcecode.c.h; path = PostJournalController.h; sourceTree = "<group>"; };
		173FBFC110C4A3CD00FD0652 /* PostJournalController.m */ = {isa = PBXFileReference; fileEncoding = 4; lastKnownFileType = sourcecode.c.objc; path = PostJournalController.m; sourceTree = "<group>"; };
		173FC03F10C5CE6300FD0652 /* Common.h */ = {isa = PBXFileReference; fileEncoding = 4; lastKnownFileType = sourcecode.c.h; path = Common.h; sourceTree = "<group>"; };
		173FC15310C5F53700FD0652 /* PostSecurityController.h */ = {isa = PBXFileReference; fileEncoding = 4; lastKnownFileType = sourcecode.c.h; path = PostSecurityController.h; sourceTree = "<group>"; };
		173FC15410C5F53700FD0652 /* PostSecurityController.m */ = {isa = PBXFileReference; fileEncoding = 4; lastKnownFileType = sourcecode.c.objc; path = PostSecurityController.m; sourceTree = "<group>"; };
		1746704C10AD0353008298F8 /* RefreshTurnedOff.html */ = {isa = PBXFileReference; fileEncoding = 4; lastKnownFileType = text.html; path = RefreshTurnedOff.html; sourceTree = "<group>"; };
		1750B0D61097A3B200C1D2A8 /* video.png */ = {isa = PBXFileReference; lastKnownFileType = image.png; path = video.png; sourceTree = "<group>"; };
		1750B0D81097A41000C1D2A8 /* image.png */ = {isa = PBXFileReference; lastKnownFileType = image.png; path = image.png; sourceTree = "<group>"; };
		1750B1831097B3F900C1D2A8 /* Journaler Lite.app */ = {isa = PBXFileReference; explicitFileType = wrapper.application; includeInIndex = 0; path = "Journaler Lite.app"; sourceTree = BUILT_PRODUCTS_DIR; };
		1750B1911097B45000C1D2A8 /* JournalerLite-Info.plist */ = {isa = PBXFileReference; fileEncoding = 4; lastKnownFileType = text.plist.xml; path = "JournalerLite-Info.plist"; sourceTree = "<group>"; };
		1750B3561098EDF200C1D2A8 /* AdMobView.h */ = {isa = PBXFileReference; fileEncoding = 4; lastKnownFileType = sourcecode.c.h; path = AdMobView.h; sourceTree = "<group>"; };
		1750B3571098EDF200C1D2A8 /* AdMobDelegateProtocol.h */ = {isa = PBXFileReference; fileEncoding = 4; lastKnownFileType = sourcecode.c.h; path = AdMobDelegateProtocol.h; sourceTree = "<group>"; };
		1750B3681098EF1400C1D2A8 /* AddressBook.framework */ = {isa = PBXFileReference; lastKnownFileType = wrapper.framework; name = AddressBook.framework; path = System/Library/Frameworks/AddressBook.framework; sourceTree = SDKROOT; };
		1750B3691098EF1400C1D2A8 /* AudioToolbox.framework */ = {isa = PBXFileReference; lastKnownFileType = wrapper.framework; name = AudioToolbox.framework; path = System/Library/Frameworks/AudioToolbox.framework; sourceTree = SDKROOT; };
		1750B36A1098EF1400C1D2A8 /* CoreLocation.framework */ = {isa = PBXFileReference; lastKnownFileType = wrapper.framework; name = CoreLocation.framework; path = System/Library/Frameworks/CoreLocation.framework; sourceTree = SDKROOT; };
		1750B36B1098EF1400C1D2A8 /* MediaPlayer.framework */ = {isa = PBXFileReference; lastKnownFileType = wrapper.framework; name = MediaPlayer.framework; path = System/Library/Frameworks/MediaPlayer.framework; sourceTree = SDKROOT; };
		1750B36C1098EF1400C1D2A8 /* QuartzCore.framework */ = {isa = PBXFileReference; lastKnownFileType = wrapper.framework; name = QuartzCore.framework; path = System/Library/Frameworks/QuartzCore.framework; sourceTree = SDKROOT; };
		1750B3AE1098EF3300C1D2A8 /* MessageUI.framework */ = {isa = PBXFileReference; lastKnownFileType = wrapper.framework; name = MessageUI.framework; path = System/Library/Frameworks/MessageUI.framework; sourceTree = SDKROOT; };
		1750B3F71098F42300C1D2A8 /* libAdMobSimulator3_0.a */ = {isa = PBXFileReference; lastKnownFileType = archive.ar; path = libAdMobSimulator3_0.a; sourceTree = "<group>"; };
		1750B3F81098F42300C1D2A8 /* libAdMobDevice3_0.a */ = {isa = PBXFileReference; lastKnownFileType = archive.ar; path = libAdMobDevice3_0.a; sourceTree = "<group>"; };
		1759F3181093674E0008AA60 /* WebViewController.h */ = {isa = PBXFileReference; fileEncoding = 4; lastKnownFileType = sourcecode.c.h; name = WebViewController.h; path = ../WebViewController.h; sourceTree = "<group>"; };
		1759F3191093674E0008AA60 /* WebViewController.m */ = {isa = PBXFileReference; fileEncoding = 4; lastKnownFileType = sourcecode.c.objc; name = WebViewController.m; path = ../WebViewController.m; sourceTree = "<group>"; };
		1759F31A1093674E0008AA60 /* WebViewController.xib */ = {isa = PBXFileReference; lastKnownFileType = file.xib; path = WebViewController.xib; sourceTree = "<group>"; };
		1759F49C1096514B0008AA60 /* comments.png */ = {isa = PBXFileReference; lastKnownFileType = image.png; path = comments.png; sourceTree = "<group>"; };
		176E729D10B1FE9E000B9127 /* ALProperty.h */ = {isa = PBXFileReference; fileEncoding = 4; lastKnownFileType = sourcecode.c.h; name = ALProperty.h; path = ../../ws/appnlytics/iphone/ALProperty.h; sourceTree = SOURCE_ROOT; };
		176E729E10B1FE9E000B9127 /* ALProperty.m */ = {isa = PBXFileReference; fileEncoding = 4; lastKnownFileType = sourcecode.c.objc; name = ALProperty.m; path = ../../ws/appnlytics/iphone/ALProperty.m; sourceTree = SOURCE_ROOT; };
		17704A5610A238C100C1EFB2 /* ALAppUse.h */ = {isa = PBXFileReference; fileEncoding = 4; lastKnownFileType = sourcecode.c.h; name = ALAppUse.h; path = ../../ws/appnlytics/iphone/ALAppUse.h; sourceTree = SOURCE_ROOT; };
		17704A5710A238C100C1EFB2 /* ALAppUse.m */ = {isa = PBXFileReference; fileEncoding = 4; lastKnownFileType = sourcecode.c.objc; name = ALAppUse.m; path = ../../ws/appnlytics/iphone/ALAppUse.m; sourceTree = SOURCE_ROOT; };
		17704A5810A238C100C1EFB2 /* ALDeviceInfo.h */ = {isa = PBXFileReference; fileEncoding = 4; lastKnownFileType = sourcecode.c.h; name = ALDeviceInfo.h; path = ../../ws/appnlytics/iphone/ALDeviceInfo.h; sourceTree = SOURCE_ROOT; };
		17704A5910A238C100C1EFB2 /* ALDeviceInfo.m */ = {isa = PBXFileReference; fileEncoding = 4; lastKnownFileType = sourcecode.c.objc; name = ALDeviceInfo.m; path = ../../ws/appnlytics/iphone/ALDeviceInfo.m; sourceTree = SOURCE_ROOT; };
		17704A5A10A238C100C1EFB2 /* ALReporter.h */ = {isa = PBXFileReference; fileEncoding = 4; lastKnownFileType = sourcecode.c.h; name = ALReporter.h; path = ../../ws/appnlytics/iphone/ALReporter.h; sourceTree = SOURCE_ROOT; };
		17704A5B10A238C100C1EFB2 /* ALReporter.m */ = {isa = PBXFileReference; fileEncoding = 4; lastKnownFileType = sourcecode.c.objc; name = ALReporter.m; path = ../../ws/appnlytics/iphone/ALReporter.m; sourceTree = SOURCE_ROOT; };
		1789BE5F107A894B00964DA2 /* forward.png */ = {isa = PBXFileReference; lastKnownFileType = image.png; path = forward.png; sourceTree = "<group>"; };
		1789BE61107A89F200964DA2 /* back.png */ = {isa = PBXFileReference; lastKnownFileType = image.png; path = back.png; sourceTree = "<group>"; };
		1789BFDF107E73BA00964DA2 /* PostEditorController.h */ = {isa = PBXFileReference; fileEncoding = 4; lastKnownFileType = sourcecode.c.h; path = PostEditorController.h; sourceTree = "<group>"; };
		1789BFE0107E73BA00964DA2 /* PostEditorController.m */ = {isa = PBXFileReference; fileEncoding = 4; lastKnownFileType = sourcecode.c.objc; path = PostEditorController.m; sourceTree = "<group>"; };
		1789BFE1107E73BA00964DA2 /* PostEditorController.xib */ = {isa = PBXFileReference; lastKnownFileType = file.xib; name = PostEditorController.xib; path = Classes/PostEditorController.xib; sourceTree = "<group>"; };
		17B29B0610FA48A700C5EFA4 /* AccountsViewController.h */ = {isa = PBXFileReference; fileEncoding = 4; lastKnownFileType = sourcecode.c.h; path = AccountsViewController.h; sourceTree = "<group>"; };
		17B29B0710FA48A700C5EFA4 /* AccountsViewController.m */ = {isa = PBXFileReference; fileEncoding = 4; lastKnownFileType = sourcecode.c.objc; path = AccountsViewController.m; sourceTree = "<group>"; };
		17B29BE310FA826700C5EFA4 /* SettingsController.h */ = {isa = PBXFileReference; fileEncoding = 4; lastKnownFileType = sourcecode.c.h; path = SettingsController.h; sourceTree = "<group>"; };
		17B29BE410FA826700C5EFA4 /* SettingsController.m */ = {isa = PBXFileReference; fileEncoding = 4; lastKnownFileType = sourcecode.c.objc; path = SettingsController.m; sourceTree = "<group>"; };
		17B29BE510FA826700C5EFA4 /* SettingsController.xib */ = {isa = PBXFileReference; lastKnownFileType = file.xib; name = SettingsController.xib; path = Classes/SettingsController.xib; sourceTree = "<group>"; };
		17B462E210BA2647004D0E0F /* PostPreviewCell.h */ = {isa = PBXFileReference; fileEncoding = 4; lastKnownFileType = sourcecode.c.h; path = PostPreviewCell.h; sourceTree = "<group>"; };
		17B462E310BA2647004D0E0F /* PostPreviewCell.m */ = {isa = PBXFileReference; fileEncoding = 4; lastKnownFileType = sourcecode.c.objc; path = PostPreviewCell.m; sourceTree = "<group>"; };
		17B462E610BA2659004D0E0F /* PostPreviewView.h */ = {isa = PBXFileReference; fileEncoding = 4; lastKnownFileType = sourcecode.c.h; path = PostPreviewView.h; sourceTree = "<group>"; };
		17B462E710BA2659004D0E0F /* PostPreviewView.m */ = {isa = PBXFileReference; fileEncoding = 4; lastKnownFileType = sourcecode.c.objc; path = PostPreviewView.m; sourceTree = "<group>"; };
		17B462EF10BA28BA004D0E0F /* Macros.h */ = {isa = PBXFileReference; fileEncoding = 4; lastKnownFileType = sourcecode.c.h; path = Macros.h; sourceTree = "<group>"; };
		17B4665F10BB4854004D0E0F /* FriendsPageController.h */ = {isa = PBXFileReference; fileEncoding = 4; lastKnownFileType = sourcecode.c.h; path = FriendsPageController.h; sourceTree = "<group>"; };
		17B4666010BB4854004D0E0F /* FriendsPageController.m */ = {isa = PBXFileReference; fileEncoding = 4; lastKnownFileType = sourcecode.c.objc; path = FriendsPageController.m; sourceTree = "<group>"; };
		17B4C538108132E80005660E /* RegexKitLite.m */ = {isa = PBXFileReference; fileEncoding = 4; lastKnownFileType = sourcecode.c.objc; path = RegexKitLite.m; sourceTree = "<group>"; };
		17B4C539108132E80005660E /* RegexKitLite.h */ = {isa = PBXFileReference; fileEncoding = 4; lastKnownFileType = sourcecode.c.h; path = RegexKitLite.h; sourceTree = "<group>"; };
		17B4C63E10827C360005660E /* IconLite.png */ = {isa = PBXFileReference; lastKnownFileType = image.png; path = IconLite.png; sourceTree = "<group>"; };
		17B4C9A41083C8BC0005660E /* XMLRPC.h */ = {isa = PBXFileReference; fileEncoding = 4; lastKnownFileType = sourcecode.c.h; path = XMLRPC.h; sourceTree = "<group>"; };
		17B4C9A51083C8BC0005660E /* XMLRPCConnection.h */ = {isa = PBXFileReference; fileEncoding = 4; lastKnownFileType = sourcecode.c.h; path = XMLRPCConnection.h; sourceTree = "<group>"; };
		17B4C9A61083C8BC0005660E /* XMLRPCConnection.m */ = {isa = PBXFileReference; fileEncoding = 4; lastKnownFileType = sourcecode.c.objc; path = XMLRPCConnection.m; sourceTree = "<group>"; };
		17B4C9A71083C8BC0005660E /* XMLRPCConnectionDelegate.h */ = {isa = PBXFileReference; fileEncoding = 4; lastKnownFileType = sourcecode.c.h; path = XMLRPCConnectionDelegate.h; sourceTree = "<group>"; };
		17B4C9A81083C8BC0005660E /* XMLRPCConnectionManager.h */ = {isa = PBXFileReference; fileEncoding = 4; lastKnownFileType = sourcecode.c.h; path = XMLRPCConnectionManager.h; sourceTree = "<group>"; };
		17B4C9A91083C8BC0005660E /* XMLRPCConnectionManager.m */ = {isa = PBXFileReference; fileEncoding = 4; lastKnownFileType = sourcecode.c.objc; path = XMLRPCConnectionManager.m; sourceTree = "<group>"; };
		17B4C9AA1083C8BC0005660E /* XMLRPCEncoder.h */ = {isa = PBXFileReference; fileEncoding = 4; lastKnownFileType = sourcecode.c.h; path = XMLRPCEncoder.h; sourceTree = "<group>"; };
		17B4C9AB1083C8BC0005660E /* XMLRPCEncoder.m */ = {isa = PBXFileReference; fileEncoding = 4; lastKnownFileType = sourcecode.c.objc; path = XMLRPCEncoder.m; sourceTree = "<group>"; };
		17B4C9AC1083C8BC0005660E /* XMLRPCEventBasedParser.h */ = {isa = PBXFileReference; fileEncoding = 4; lastKnownFileType = sourcecode.c.h; path = XMLRPCEventBasedParser.h; sourceTree = "<group>"; };
		17B4C9AD1083C8BC0005660E /* XMLRPCEventBasedParser.m */ = {isa = PBXFileReference; fileEncoding = 4; lastKnownFileType = sourcecode.c.objc; path = XMLRPCEventBasedParser.m; sourceTree = "<group>"; };
		17B4C9AE1083C8BC0005660E /* XMLRPCEventBasedParserDelegate.h */ = {isa = PBXFileReference; fileEncoding = 4; lastKnownFileType = sourcecode.c.h; path = XMLRPCEventBasedParserDelegate.h; sourceTree = "<group>"; };
		17B4C9AF1083C8BC0005660E /* XMLRPCEventBasedParserDelegate.m */ = {isa = PBXFileReference; fileEncoding = 4; lastKnownFileType = sourcecode.c.objc; path = XMLRPCEventBasedParserDelegate.m; sourceTree = "<group>"; };
		17B4C9B01083C8BC0005660E /* XMLRPCRequest.h */ = {isa = PBXFileReference; fileEncoding = 4; lastKnownFileType = sourcecode.c.h; path = XMLRPCRequest.h; sourceTree = "<group>"; };
		17B4C9B11083C8BC0005660E /* XMLRPCRequest.m */ = {isa = PBXFileReference; fileEncoding = 4; lastKnownFileType = sourcecode.c.objc; path = XMLRPCRequest.m; sourceTree = "<group>"; };
		17B4C9B21083C8BC0005660E /* XMLRPCResponse.h */ = {isa = PBXFileReference; fileEncoding = 4; lastKnownFileType = sourcecode.c.h; path = XMLRPCResponse.h; sourceTree = "<group>"; };
		17B4C9B31083C8BC0005660E /* XMLRPCResponse.m */ = {isa = PBXFileReference; fileEncoding = 4; lastKnownFileType = sourcecode.c.objc; path = XMLRPCResponse.m; sourceTree = "<group>"; };
		17B4C9B41083C8BC0005660E /* XMLRPCTreeBasedParser.h */ = {isa = PBXFileReference; fileEncoding = 4; lastKnownFileType = sourcecode.c.h; path = XMLRPCTreeBasedParser.h; sourceTree = "<group>"; };
		17B4C9B51083C8BC0005660E /* XMLRPCTreeBasedParser.m */ = {isa = PBXFileReference; fileEncoding = 4; lastKnownFileType = sourcecode.c.objc; path = XMLRPCTreeBasedParser.m; sourceTree = "<group>"; };
		17B4C9BF1083C8DA0005660E /* NSStringAdditions.m */ = {isa = PBXFileReference; fileEncoding = 4; lastKnownFileType = sourcecode.c.objc; path = NSStringAdditions.m; sourceTree = "<group>"; };
		17B4C9C01083C8DA0005660E /* NSDataAdditions.h */ = {isa = PBXFileReference; fileEncoding = 4; lastKnownFileType = sourcecode.c.h; path = NSDataAdditions.h; sourceTree = "<group>"; };
		17B4C9C11083C8DA0005660E /* NSDataAdditions.m */ = {isa = PBXFileReference; fileEncoding = 4; lastKnownFileType = sourcecode.c.objc; path = NSDataAdditions.m; sourceTree = "<group>"; };
		17B4C9C21083C8DA0005660E /* NSStringAdditions.h */ = {isa = PBXFileReference; fileEncoding = 4; lastKnownFileType = sourcecode.c.h; path = NSStringAdditions.h; sourceTree = "<group>"; };
		17B62DB510B7355600C974DE /* AccountTabBarController.h */ = {isa = PBXFileReference; fileEncoding = 4; lastKnownFileType = sourcecode.c.h; path = AccountTabBarController.h; sourceTree = "<group>"; };
		17B62DB610B7355600C974DE /* AccountTabBarController.m */ = {isa = PBXFileReference; fileEncoding = 4; lastKnownFileType = sourcecode.c.objc; path = AccountTabBarController.m; sourceTree = "<group>"; };
		17B62E1B10B741B500C974DE /* LJFriendsPageController.h */ = {isa = PBXFileReference; fileEncoding = 4; lastKnownFileType = sourcecode.c.h; path = LJFriendsPageController.h; sourceTree = "<group>"; };
		17B62E6810B74AA800C974DE /* FriendsPageController.xib */ = {isa = PBXFileReference; lastKnownFileType = file.xib; path = FriendsPageController.xib; sourceTree = "<group>"; };
		17B633FC10B8CD6B00C974DE /* lock.gif */ = {isa = PBXFileReference; lastKnownFileType = image.gif; path = lock.gif; sourceTree = "<group>"; };
		17B6340A10B8CF8000C974DE /* Journaler 2.xcdatamodel */ = {isa = PBXFileReference; lastKnownFileType = wrapper.xcdatamodel; path = "Journaler 2.xcdatamodel"; sourceTree = "<group>"; };
		17B6345310B8D31900C974DE /* v1-v2.xcmappingmodel */ = {isa = PBXFileReference; fileEncoding = 4; lastKnownFileType = wrapper.xcmappingmodel; path = "v1-v2.xcmappingmodel"; sourceTree = "<group>"; };
		17DB0BD01075444F00155636 /* AccountsViewController.xib */ = {isa = PBXFileReference; lastKnownFileType = file.xib; name = AccountsViewController.xib; path = Classes/AccountsViewController.xib; sourceTree = "<group>"; };
		17DB0BF11075462000155636 /* AccountEditorController.xib */ = {isa = PBXFileReference; lastKnownFileType = file.xib; name = AccountEditorController.xib; path = Classes/AccountEditorController.xib; sourceTree = "<group>"; };
		17DB0C951076616400155636 /* Entitlements.plist */ = {isa = PBXFileReference; fileEncoding = 4; lastKnownFileType = text.plist.xml; path = Entitlements.plist; sourceTree = "<group>"; };
		17DB0CC010768D2900155636 /* LiveJournal.h */ = {isa = PBXFileReference; fileEncoding = 4; lastKnownFileType = sourcecode.c.h; path = LiveJournal.h; sourceTree = "<group>"; };
		17DB0CC110768D2900155636 /* LiveJournal.m */ = {isa = PBXFileReference; fileEncoding = 4; lastKnownFileType = sourcecode.c.objc; path = LiveJournal.m; sourceTree = "<group>"; };
		17FCD7141078C70700806088 /* AccountEditorController.h */ = {isa = PBXFileReference; fileEncoding = 4; lastKnownFileType = sourcecode.c.h; path = AccountEditorController.h; sourceTree = "<group>"; };
		17FCD7151078C70700806088 /* AccountEditorController.m */ = {isa = PBXFileReference; fileEncoding = 4; lastKnownFileType = sourcecode.c.objc; path = AccountEditorController.m; sourceTree = "<group>"; };
		1D30AB110D05D00D00671497 /* Foundation.framework */ = {isa = PBXFileReference; lastKnownFileType = wrapper.framework; name = Foundation.framework; path = System/Library/Frameworks/Foundation.framework; sourceTree = SDKROOT; };
		1D3623240D0F684500981E51 /* JournalerAppDelegate.h */ = {isa = PBXFileReference; fileEncoding = 4; lastKnownFileType = sourcecode.c.h; path = JournalerAppDelegate.h; sourceTree = "<group>"; };
		1D3623250D0F684500981E51 /* JournalerAppDelegate.m */ = {isa = PBXFileReference; fileEncoding = 4; lastKnownFileType = sourcecode.c.objc; path = JournalerAppDelegate.m; sourceTree = "<group>"; };
		1D6058910D05DD3D006BFB54 /* Journaler.app */ = {isa = PBXFileReference; explicitFileType = wrapper.application; includeInIndex = 0; path = Journaler.app; sourceTree = BUILT_PRODUCTS_DIR; };
		1DF5F4DF0D08C38300B7A737 /* UIKit.framework */ = {isa = PBXFileReference; lastKnownFileType = wrapper.framework; name = UIKit.framework; path = System/Library/Frameworks/UIKit.framework; sourceTree = SDKROOT; };
		2892E40F0DC94CBA00A64D0F /* CoreGraphics.framework */ = {isa = PBXFileReference; lastKnownFileType = wrapper.framework; name = CoreGraphics.framework; path = System/Library/Frameworks/CoreGraphics.framework; sourceTree = SDKROOT; };
		28A0AAE50D9B0CCF005BE974 /* Journaler_Prefix.pch */ = {isa = PBXFileReference; fileEncoding = 4; lastKnownFileType = sourcecode.c.h; path = Journaler_Prefix.pch; sourceTree = "<group>"; };
		28AD735F0D9D9599002E5188 /* MainWindow.xib */ = {isa = PBXFileReference; lastKnownFileType = file.xib; path = MainWindow.xib; sourceTree = "<group>"; };
		29B97316FDCFA39411CA2CEA /* main.m */ = {isa = PBXFileReference; fileEncoding = 4; lastKnownFileType = sourcecode.c.objc; path = main.m; sourceTree = "<group>"; };
		8D1107310486CEB800E47090 /* Journaler-Info.plist */ = {isa = PBXFileReference; fileEncoding = 4; lastKnownFileType = text.plist.xml; path = "Journaler-Info.plist"; plistStructureDefinitionIdentifier = "com.apple.xcode.plist.structure-definition.iphone.info-plist"; sourceTree = "<group>"; };
/* End PBXFileReference section */

/* Begin PBXFrameworksBuildPhase section */
		1750B17A1097B3F900C1D2A8 /* Frameworks */ = {
			isa = PBXFrameworksBuildPhase;
			buildActionMask = 2147483647;
			files = (
				1750B17B1097B3F900C1D2A8 /* Foundation.framework in Frameworks */,
				1750B17C1097B3F900C1D2A8 /* UIKit.framework in Frameworks */,
				1750B17D1097B3F900C1D2A8 /* CoreGraphics.framework in Frameworks */,
				1750B17E1097B3F900C1D2A8 /* CoreData.framework in Frameworks */,
				1750B36D1098EF1400C1D2A8 /* AddressBook.framework in Frameworks */,
				1750B36E1098EF1400C1D2A8 /* AudioToolbox.framework in Frameworks */,
				1750B36F1098EF1400C1D2A8 /* CoreLocation.framework in Frameworks */,
				1750B3701098EF1400C1D2A8 /* MediaPlayer.framework in Frameworks */,
				1750B3711098EF1400C1D2A8 /* QuartzCore.framework in Frameworks */,
				1750B3AF1098EF3300C1D2A8 /* MessageUI.framework in Frameworks */,
				1750B3F91098F42300C1D2A8 /* libAdMobSimulator3_0.a in Frameworks */,
				1750B3FA1098F42300C1D2A8 /* libAdMobDevice3_0.a in Frameworks */,
			);
			runOnlyForDeploymentPostprocessing = 0;
		};
		1D60588F0D05DD3D006BFB54 /* Frameworks */ = {
			isa = PBXFrameworksBuildPhase;
			buildActionMask = 2147483647;
			files = (
				1D60589F0D05DD5A006BFB54 /* Foundation.framework in Frameworks */,
				1DF5F4E00D08C38300B7A737 /* UIKit.framework in Frameworks */,
				2892E4100DC94CBA00A64D0F /* CoreGraphics.framework in Frameworks */,
				17132615108A1203007F6C24 /* CoreData.framework in Frameworks */,
			);
			runOnlyForDeploymentPostprocessing = 0;
		};
/* End PBXFrameworksBuildPhase section */

/* Begin PBXGroup section */
		080E96DDFE201D6D7F000001 /* Classes */ = {
			isa = PBXGroup;
			children = (
				173FBEDF10C474D000FD0652 /* Libaries */,
				17132682108A1644007F6C24 /* Model */,
				1759F1801092F2510008AA60 /* UserPicCache */,
				173FBEF410C474E900FD0652 /* Accounts */,
				17B29BE210FA824B00C5EFA4 /* Settings */,
				173FBEF510C4751B00FD0652 /* Friends Page */,
				173FBEF610C4755600FD0652 /* New post */,
				1D3623240D0F684500981E51 /* JournalerAppDelegate.h */,
				1D3623250D0F684500981E51 /* JournalerAppDelegate.m */,
				1759F3181093674E0008AA60 /* WebViewController.h */,
				1759F3191093674E0008AA60 /* WebViewController.m */,
				17DB0CC010768D2900155636 /* LiveJournal.h */,
				17DB0CC110768D2900155636 /* LiveJournal.m */,
				17B462EF10BA28BA004D0E0F /* Macros.h */,
				173FC03F10C5CE6300FD0652 /* Common.h */,
				1707073F110203D70074F836 /* NetworkActivityIndicator.h */,
				17070740110203D70074F836 /* NetworkActivityIndicator.m */,
				170707C11102914A0074F836 /* ErrorHandling.h */,
				170707C21102914A0074F836 /* ErrorHandling.m */,
			);
			path = Classes;
			sourceTree = "<group>";
		};
		17132682108A1644007F6C24 /* Model */ = {
			isa = PBXGroup;
			children = (
				1713267E108A163B007F6C24 /* Post.h */,
				1713267F108A163B007F6C24 /* Post.m */,
				171326CE108A238E007F6C24 /* Model.h */,
				171326CF108A238E007F6C24 /* Model.m */,
			);
			name = Model;
			sourceTree = "<group>";
		};
		17132A54108B238C007F6C24 /* Images */ = {
			isa = PBXGroup;
			children = (
				173FB97810BCAE9C00FD0652 /* lock.png */,
				17B633FC10B8CD6B00C974DE /* lock.gif */,
				1750B0D61097A3B200C1D2A8 /* video.png */,
				1759F49C1096514B0008AA60 /* comments.png */,
				1750B0D81097A41000C1D2A8 /* image.png */,
				17132B33108B3A47007F6C24 /* user.png */,
				17132B2F108B386E007F6C24 /* community.png */,
				17132994108A82A4007F6C24 /* Icon.png */,
				17B4C63E10827C360005660E /* IconLite.png */,
				1789BE61107A89F200964DA2 /* back.png */,
				1789BE5F107A894B00964DA2 /* forward.png */,
				17132C76108BB6EA007F6C24 /* friends.png */,
				17132C73108BB5B8007F6C24 /* newpost.png */,
			);
			name = Images;
			sourceTree = "<group>";
		};
		173FBEDF10C474D000FD0652 /* Libaries */ = {
			isa = PBXGroup;
			children = (
				17704A5210A2384400C1EFB2 /* Appnlytics */,
				1750B34E1098ED1900C1D2A8 /* AdMob */,
				17B4C536108132D90005660E /* RegexKitLite */,
				17B4C78C1083AC8D0005660E /* XMLRPC */,
			);
			name = Libaries;
			sourceTree = "<group>";
		};
		173FBEF410C474E900FD0652 /* Accounts */ = {
			isa = PBXGroup;
			children = (
				17B29B0610FA48A700C5EFA4 /* AccountsViewController.h */,
				17B29B0710FA48A700C5EFA4 /* AccountsViewController.m */,
				17B62DB510B7355600C974DE /* AccountTabBarController.h */,
				17B62DB610B7355600C974DE /* AccountTabBarController.m */,
				17FCD7141078C70700806088 /* AccountEditorController.h */,
				17FCD7151078C70700806088 /* AccountEditorController.m */,
			);
			name = Accounts;
			sourceTree = "<group>";
		};
		173FBEF510C4751B00FD0652 /* Friends Page */ = {
			isa = PBXGroup;
			children = (
				171323071085168F007F6C24 /* PostViewController.h */,
				171323081085168F007F6C24 /* PostViewController.m */,
				17B4665F10BB4854004D0E0F /* FriendsPageController.h */,
				17B4666010BB4854004D0E0F /* FriendsPageController.m */,
				17B62E1B10B741B500C974DE /* LJFriendsPageController.h */,
				173FB76510BB490600FD0652 /* LJFriendsPageController.m */,
				173FB7E810BB4F9F00FD0652 /* WebFriendsPageController.h */,
				173FB7E910BB4F9F00FD0652 /* WebFriendsPageController.m */,
				17B462E210BA2647004D0E0F /* PostPreviewCell.h */,
				17B462E310BA2647004D0E0F /* PostPreviewCell.m */,
				17B462E610BA2659004D0E0F /* PostPreviewView.h */,
				17B462E710BA2659004D0E0F /* PostPreviewView.m */,
			);
			name = "Friends Page";
			sourceTree = "<group>";
		};
		173FBEF610C4755600FD0652 /* New post */ = {
			isa = PBXGroup;
			children = (
				1789BFDF107E73BA00964DA2 /* PostEditorController.h */,
				1789BFE0107E73BA00964DA2 /* PostEditorController.m */,
				173FBEF710C4758200FD0652 /* PostOptionsController.h */,
				173FBEF810C4758200FD0652 /* PostOptionsController.m */,
				173FBFC010C4A3CD00FD0652 /* PostJournalController.h */,
				173FBFC110C4A3CD00FD0652 /* PostJournalController.m */,
				173FC15310C5F53700FD0652 /* PostSecurityController.h */,
				173FC15410C5F53700FD0652 /* PostSecurityController.m */,
			);
			name = "New post";
			sourceTree = "<group>";
		};
		1750B34E1098ED1900C1D2A8 /* AdMob */ = {
			isa = PBXGroup;
			children = (
				1750B3561098EDF200C1D2A8 /* AdMobView.h */,
				1750B3571098EDF200C1D2A8 /* AdMobDelegateProtocol.h */,
				1750B3F71098F42300C1D2A8 /* libAdMobSimulator3_0.a */,
				1750B3F81098F42300C1D2A8 /* libAdMobDevice3_0.a */,
			);
			name = AdMob;
			sourceTree = "<group>";
		};
		1750B3651098EED000C1D2A8 /* AdMob */ = {
			isa = PBXGroup;
			children = (
				1750B3AE1098EF3300C1D2A8 /* MessageUI.framework */,
				1750B3681098EF1400C1D2A8 /* AddressBook.framework */,
				1750B3691098EF1400C1D2A8 /* AudioToolbox.framework */,
				1750B36A1098EF1400C1D2A8 /* CoreLocation.framework */,
				1750B36B1098EF1400C1D2A8 /* MediaPlayer.framework */,
				1750B36C1098EF1400C1D2A8 /* QuartzCore.framework */,
			);
			name = AdMob;
			sourceTree = "<group>";
		};
		1759F1801092F2510008AA60 /* UserPicCache */ = {
			isa = PBXGroup;
			children = (
				17132AA5108B3017007F6C24 /* UserPicCache.h */,
				17132AA6108B3017007F6C24 /* UserPicCache.m */,
			);
			name = UserPicCache;
			sourceTree = "<group>";
		};
		17704A5210A2384400C1EFB2 /* Appnlytics */ = {
			isa = PBXGroup;
			children = (
				17704A5610A238C100C1EFB2 /* ALAppUse.h */,
				17704A5710A238C100C1EFB2 /* ALAppUse.m */,
				17704A5810A238C100C1EFB2 /* ALDeviceInfo.h */,
				17704A5910A238C100C1EFB2 /* ALDeviceInfo.m */,
				176E729D10B1FE9E000B9127 /* ALProperty.h */,
				176E729E10B1FE9E000B9127 /* ALProperty.m */,
				17704A5A10A238C100C1EFB2 /* ALReporter.h */,
				17704A5B10A238C100C1EFB2 /* ALReporter.m */,
			);
			name = Appnlytics;
			sourceTree = "<group>";
		};
		17B29BE210FA824B00C5EFA4 /* Settings */ = {
			isa = PBXGroup;
			children = (
				170708AD1104261E0074F836 /* Settings.h */,
				170708AE1104261E0074F836 /* Settings.m */,
				17B29BE310FA826700C5EFA4 /* SettingsController.h */,
				17B29BE410FA826700C5EFA4 /* SettingsController.m */,
				170708B9110448E50074F836 /* SettingsStartUpScreenController.h */,
				170708BA110448E50074F836 /* SettingsStartUpScreenController.m */,
			);
			name = Settings;
			sourceTree = "<group>";
		};
		17B4C536108132D90005660E /* RegexKitLite */ = {
			isa = PBXGroup;
			children = (
				17B4C539108132E80005660E /* RegexKitLite.h */,
				17B4C538108132E80005660E /* RegexKitLite.m */,
			);
			name = RegexKitLite;
			path = ..;
			sourceTree = "<group>";
		};
		17B4C78C1083AC8D0005660E /* XMLRPC */ = {
			isa = PBXGroup;
			children = (
				17B4C9C01083C8DA0005660E /* NSDataAdditions.h */,
				17B4C9C11083C8DA0005660E /* NSDataAdditions.m */,
				17B4C9C21083C8DA0005660E /* NSStringAdditions.h */,
				17B4C9BF1083C8DA0005660E /* NSStringAdditions.m */,
				17B4C9A41083C8BC0005660E /* XMLRPC.h */,
				17B4C9A51083C8BC0005660E /* XMLRPCConnection.h */,
				17B4C9A61083C8BC0005660E /* XMLRPCConnection.m */,
				17B4C9A71083C8BC0005660E /* XMLRPCConnectionDelegate.h */,
				17B4C9A81083C8BC0005660E /* XMLRPCConnectionManager.h */,
				17B4C9A91083C8BC0005660E /* XMLRPCConnectionManager.m */,
				17B4C9AA1083C8BC0005660E /* XMLRPCEncoder.h */,
				17B4C9AB1083C8BC0005660E /* XMLRPCEncoder.m */,
				17B4C9AC1083C8BC0005660E /* XMLRPCEventBasedParser.h */,
				17B4C9AD1083C8BC0005660E /* XMLRPCEventBasedParser.m */,
				17B4C9AE1083C8BC0005660E /* XMLRPCEventBasedParserDelegate.h */,
				17B4C9AF1083C8BC0005660E /* XMLRPCEventBasedParserDelegate.m */,
				17B4C9B01083C8BC0005660E /* XMLRPCRequest.h */,
				17B4C9B11083C8BC0005660E /* XMLRPCRequest.m */,
				17B4C9B21083C8BC0005660E /* XMLRPCResponse.h */,
				17B4C9B31083C8BC0005660E /* XMLRPCResponse.m */,
				17B4C9B41083C8BC0005660E /* XMLRPCTreeBasedParser.h */,
				17B4C9B51083C8BC0005660E /* XMLRPCTreeBasedParser.m */,
			);
			path = XMLRPC;
			sourceTree = "<group>";
		};
		17B62D9D10B733E000C974DE /* XIBs */ = {
			isa = PBXGroup;
			children = (
				17DB0BD01075444F00155636 /* AccountsViewController.xib */,
				17DB0BF11075462000155636 /* AccountEditorController.xib */,
				17B29BE510FA826700C5EFA4 /* SettingsController.xib */,
				171323091085168F007F6C24 /* PostViewController.xib */,
				1789BFE1107E73BA00964DA2 /* PostEditorController.xib */,
				1759F31A1093674E0008AA60 /* WebViewController.xib */,
				28AD735F0D9D9599002E5188 /* MainWindow.xib */,
				17B62E6810B74AA800C974DE /* FriendsPageController.xib */,
			);
			name = XIBs;
			sourceTree = "<group>";
		};
		17B6345210B8D2F700C974DE /* DataModel */ = {
			isa = PBXGroup;
			children = (
				17B6340710B8CF8000C974DE /* Journaler.xcdatamodeld */,
				17B6345310B8D31900C974DE /* v1-v2.xcmappingmodel */,
			);
			name = DataModel;
			sourceTree = "<group>";
		};
		19C28FACFE9D520D11CA2CBB /* Products */ = {
			isa = PBXGroup;
			children = (
				1D6058910D05DD3D006BFB54 /* Journaler.app */,
				1750B1831097B3F900C1D2A8 /* Journaler Lite.app */,
			);
			name = Products;
			sourceTree = "<group>";
		};
		29B97314FDCFA39411CA2CEA /* CustomTemplate */ = {
			isa = PBXGroup;
			children = (
				080E96DDFE201D6D7F000001 /* Classes */,
				29B97315FDCFA39411CA2CEA /* Other Sources */,
				29B97317FDCFA39411CA2CEA /* Resources */,
				29B97323FDCFA39411CA2CEA /* Frameworks */,
				19C28FACFE9D520D11CA2CBB /* Products */,
				17DB0C951076616400155636 /* Entitlements.plist */,
			);
			name = CustomTemplate;
			sourceTree = "<group>";
		};
		29B97315FDCFA39411CA2CEA /* Other Sources */ = {
			isa = PBXGroup;
			children = (
				28A0AAE50D9B0CCF005BE974 /* Journaler_Prefix.pch */,
				29B97316FDCFA39411CA2CEA /* main.m */,
			);
			name = "Other Sources";
			sourceTree = "<group>";
		};
		29B97317FDCFA39411CA2CEA /* Resources */ = {
			isa = PBXGroup;
			children = (
				17B6345210B8D2F700C974DE /* DataModel */,
				17B62D9D10B733E000C974DE /* XIBs */,
				17132A54108B238C007F6C24 /* Images */,
				8D1107310486CEB800E47090 /* Journaler-Info.plist */,
				1750B1911097B45000C1D2A8 /* JournalerLite-Info.plist */,
				17132A55108B240B007F6C24 /* SinglePostTemplate.html */,
				1746704C10AD0353008298F8 /* RefreshTurnedOff.html */,
			);
			name = Resources;
			sourceTree = "<group>";
		};
		29B97323FDCFA39411CA2CEA /* Frameworks */ = {
			isa = PBXGroup;
			children = (
				1750B3651098EED000C1D2A8 /* AdMob */,
				17132614108A1203007F6C24 /* CoreData.framework */,
				1DF5F4DF0D08C38300B7A737 /* UIKit.framework */,
				1D30AB110D05D00D00671497 /* Foundation.framework */,
				2892E40F0DC94CBA00A64D0F /* CoreGraphics.framework */,
			);
			name = Frameworks;
			sourceTree = "<group>";
		};
/* End PBXGroup section */

/* Begin PBXNativeTarget section */
		1750B1491097B3F900C1D2A8 /* Journaler Lite */ = {
			isa = PBXNativeTarget;
			buildConfigurationList = 1750B17F1097B3F900C1D2A8 /* Build configuration list for PBXNativeTarget "Journaler Lite" */;
			buildPhases = (
				1750B14A1097B3F900C1D2A8 /* Resources */,
				1750B1601097B3F900C1D2A8 /* Sources */,
				1750B17A1097B3F900C1D2A8 /* Frameworks */,
			);
			buildRules = (
			);
			dependencies = (
			);
			name = "Journaler Lite";
			productName = Journaler;
			productReference = 1750B1831097B3F900C1D2A8 /* Journaler Lite.app */;
			productType = "com.apple.product-type.application";
		};
		1D6058900D05DD3D006BFB54 /* Journaler */ = {
			isa = PBXNativeTarget;
			buildConfigurationList = 1D6058960D05DD3E006BFB54 /* Build configuration list for PBXNativeTarget "Journaler" */;
			buildPhases = (
				1D60588D0D05DD3D006BFB54 /* Resources */,
				1D60588E0D05DD3D006BFB54 /* Sources */,
				1D60588F0D05DD3D006BFB54 /* Frameworks */,
			);
			buildRules = (
			);
			dependencies = (
			);
			name = Journaler;
			productName = Journaler;
			productReference = 1D6058910D05DD3D006BFB54 /* Journaler.app */;
			productType = "com.apple.product-type.application";
		};
/* End PBXNativeTarget section */

/* Begin PBXProject section */
		29B97313FDCFA39411CA2CEA /* Project object */ = {
			isa = PBXProject;
			buildConfigurationList = C01FCF4E08A954540054247B /* Build configuration list for PBXProject "Journaler" */;
			compatibilityVersion = "Xcode 3.1";
			hasScannedForEncodings = 1;
			knownRegions = (
				English,
				Japanese,
				French,
				German,
				en,
			);
			mainGroup = 29B97314FDCFA39411CA2CEA /* CustomTemplate */;
			projectDirPath = "";
			projectRoot = "";
			targets = (
				1D6058900D05DD3D006BFB54 /* Journaler */,
				1750B1491097B3F900C1D2A8 /* Journaler Lite */,
			);
		};
/* End PBXProject section */

/* Begin PBXResourcesBuildPhase section */
		1750B14A1097B3F900C1D2A8 /* Resources */ = {
			isa = PBXResourcesBuildPhase;
			buildActionMask = 2147483647;
			files = (
				1750B14B1097B3F900C1D2A8 /* MainWindow.xib in Resources */,
				1750B14C1097B3F900C1D2A8 /* AccountsViewController.xib in Resources */,
				1750B14D1097B3F900C1D2A8 /* AccountEditorController.xib in Resources */,
				1750B14E1097B3F900C1D2A8 /* Entitlements.plist in Resources */,
				1750B1501097B3F900C1D2A8 /* forward.png in Resources */,
				1750B1511097B3F900C1D2A8 /* back.png in Resources */,
				1750B1521097B3F900C1D2A8 /* PostEditorController.xib in Resources */,
				1750B1541097B3F900C1D2A8 /* IconLite.png in Resources */,
				1750B1561097B3F900C1D2A8 /* Icon.png in Resources */,
				1750B1571097B3F900C1D2A8 /* SinglePostTemplate.html in Resources */,
				1750B1581097B3F900C1D2A8 /* community.png in Resources */,
				1750B1591097B3F900C1D2A8 /* user.png in Resources */,
				1750B15A1097B3F900C1D2A8 /* newpost.png in Resources */,
				1750B15B1097B3F900C1D2A8 /* friends.png in Resources */,
				1750B15C1097B3F900C1D2A8 /* WebViewController.xib in Resources */,
				1750B15D1097B3F900C1D2A8 /* comments.png in Resources */,
				1750B15E1097B3F900C1D2A8 /* video.png in Resources */,
				1750B15F1097B3F900C1D2A8 /* image.png in Resources */,
				1746704D10AD0353008298F8 /* RefreshTurnedOff.html in Resources */,
				17B62E6910B74AA800C974DE /* FriendsPageController.xib in Resources */,
				17B633FD10B8CD6B00C974DE /* lock.gif in Resources */,
				173FB97A10BCAE9C00FD0652 /* lock.png in Resources */,
				17B29BE910FA826700C5EFA4 /* SettingsController.xib in Resources */,
			);
			runOnlyForDeploymentPostprocessing = 0;
		};
		1D60588D0D05DD3D006BFB54 /* Resources */ = {
			isa = PBXResourcesBuildPhase;
			buildActionMask = 2147483647;
			files = (
				28AD73600D9D9599002E5188 /* MainWindow.xib in Resources */,
				17DB0BD21075444F00155636 /* AccountsViewController.xib in Resources */,
				17DB0BF31075462000155636 /* AccountEditorController.xib in Resources */,
				17DB0C961076616400155636 /* Entitlements.plist in Resources */,
				1789BE60107A894B00964DA2 /* forward.png in Resources */,
				1789BE62107A89F200964DA2 /* back.png in Resources */,
				1789BFE3107E73BA00964DA2 /* PostEditorController.xib in Resources */,
				17B4C63F10827C360005660E /* IconLite.png in Resources */,
				17132995108A82A4007F6C24 /* Icon.png in Resources */,
				17132A56108B240B007F6C24 /* SinglePostTemplate.html in Resources */,
				17132B30108B386E007F6C24 /* community.png in Resources */,
				17132B34108B3A47007F6C24 /* user.png in Resources */,
				17132C74108BB5B8007F6C24 /* newpost.png in Resources */,
				17132C77108BB6EA007F6C24 /* friends.png in Resources */,
				1759F31C1093674E0008AA60 /* WebViewController.xib in Resources */,
				1759F49D1096514B0008AA60 /* comments.png in Resources */,
				1750B0D71097A3B200C1D2A8 /* video.png in Resources */,
				1750B0D91097A41000C1D2A8 /* image.png in Resources */,
				1746704E10AD0353008298F8 /* RefreshTurnedOff.html in Resources */,
				17B62E6A10B74AA800C974DE /* FriendsPageController.xib in Resources */,
				17B633FE10B8CD6B00C974DE /* lock.gif in Resources */,
				173FB97910BCAE9C00FD0652 /* lock.png in Resources */,
				17B29BE710FA826700C5EFA4 /* SettingsController.xib in Resources */,
			);
			runOnlyForDeploymentPostprocessing = 0;
		};
/* End PBXResourcesBuildPhase section */

/* Begin PBXSourcesBuildPhase section */
		1750B1601097B3F900C1D2A8 /* Sources */ = {
			isa = PBXSourcesBuildPhase;
			buildActionMask = 2147483647;
			files = (
				1750B1611097B3F900C1D2A8 /* main.m in Sources */,
				1750B1621097B3F900C1D2A8 /* JournalerAppDelegate.m in Sources */,
				1750B1641097B3F900C1D2A8 /* LiveJournal.m in Sources */,
				1750B1651097B3F900C1D2A8 /* AccountEditorController.m in Sources */,
				1750B1671097B3F900C1D2A8 /* PostEditorController.m in Sources */,
				1750B1681097B3F900C1D2A8 /* RegexKitLite.m in Sources */,
				1750B1691097B3F900C1D2A8 /* XMLRPCConnection.m in Sources */,
				1750B16A1097B3F900C1D2A8 /* XMLRPCConnectionManager.m in Sources */,
				1750B16B1097B3F900C1D2A8 /* XMLRPCEncoder.m in Sources */,
				1750B16C1097B3F900C1D2A8 /* XMLRPCEventBasedParser.m in Sources */,
				1750B16D1097B3F900C1D2A8 /* XMLRPCEventBasedParserDelegate.m in Sources */,
				1750B16E1097B3F900C1D2A8 /* XMLRPCRequest.m in Sources */,
				1750B16F1097B3F900C1D2A8 /* XMLRPCResponse.m in Sources */,
				1750B1701097B3F900C1D2A8 /* NSStringAdditions.m in Sources */,
				1750B1711097B3F900C1D2A8 /* NSDataAdditions.m in Sources */,
				1750B1721097B3F900C1D2A8 /* PostViewController.m in Sources */,
				1750B1731097B3F900C1D2A8 /* Post.m in Sources */,
				1750B1741097B3F900C1D2A8 /* Model.m in Sources */,
				1750B1761097B3F900C1D2A8 /* UserPicCache.m in Sources */,
				1750B1791097B3F900C1D2A8 /* WebViewController.m in Sources */,
				17B6340910B8CF8000C974DE /* Journaler.xcdatamodeld in Sources */,
				17704A5C10A238C100C1EFB2 /* ALAppUse.m in Sources */,
				17704A5D10A238C100C1EFB2 /* ALDeviceInfo.m in Sources */,
				17704A5E10A238C100C1EFB2 /* ALReporter.m in Sources */,
				176E729F10B1FE9E000B9127 /* ALProperty.m in Sources */,
				17B62DB710B7355600C974DE /* AccountTabBarController.m in Sources */,
				17B6345410B8D31900C974DE /* v1-v2.xcmappingmodel in Sources */,
				17B462E410BA2647004D0E0F /* PostPreviewCell.m in Sources */,
				17B462E810BA2659004D0E0F /* PostPreviewView.m in Sources */,
				17B4666110BB4854004D0E0F /* FriendsPageController.m in Sources */,
				173FB76610BB490600FD0652 /* LJFriendsPageController.m in Sources */,
				173FB7EB10BB4F9F00FD0652 /* WebFriendsPageController.m in Sources */,
				173FBEF910C4758200FD0652 /* PostOptionsController.m in Sources */,
				173FBFC210C4A3CD00FD0652 /* PostJournalController.m in Sources */,
				173FC15510C5F53700FD0652 /* PostSecurityController.m in Sources */,
				17B29BE810FA826700C5EFA4 /* SettingsController.m in Sources */,
				17070741110203D70074F836 /* NetworkActivityIndicator.m in Sources */,
				170707C31102914A0074F836 /* ErrorHandling.m in Sources */,
				170708AF1104261E0074F836 /* Settings.m in Sources */,
				170708BB110448E50074F836 /* SettingsStartUpScreenController.m in Sources */,
			);
			runOnlyForDeploymentPostprocessing = 0;
		};
		1D60588E0D05DD3D006BFB54 /* Sources */ = {
			isa = PBXSourcesBuildPhase;
			buildActionMask = 2147483647;
			files = (
				1D60589B0D05DD56006BFB54 /* main.m in Sources */,
				1D3623260D0F684500981E51 /* JournalerAppDelegate.m in Sources */,
				17DB0CC210768D2900155636 /* LiveJournal.m in Sources */,
				17FCD7161078C70700806088 /* AccountEditorController.m in Sources */,
				1789BFE2107E73BA00964DA2 /* PostEditorController.m in Sources */,
				17B4C53A108132E80005660E /* RegexKitLite.m in Sources */,
				17B4C9B61083C8BC0005660E /* XMLRPCConnection.m in Sources */,
				17B4C9B71083C8BC0005660E /* XMLRPCConnectionManager.m in Sources */,
				17B4C9B81083C8BC0005660E /* XMLRPCEncoder.m in Sources */,
				17B4C9B91083C8BC0005660E /* XMLRPCEventBasedParser.m in Sources */,
				17B4C9BA1083C8BC0005660E /* XMLRPCEventBasedParserDelegate.m in Sources */,
				17B4C9BB1083C8BC0005660E /* XMLRPCRequest.m in Sources */,
				17B4C9BC1083C8BC0005660E /* XMLRPCResponse.m in Sources */,
				17B4C9C31083C8DA0005660E /* NSStringAdditions.m in Sources */,
				17B4C9C41083C8DA0005660E /* NSDataAdditions.m in Sources */,
				1713230A1085168F007F6C24 /* PostViewController.m in Sources */,
				17132681108A163B007F6C24 /* Post.m in Sources */,
				171326D0108A238E007F6C24 /* Model.m in Sources */,
				17B6340810B8CF8000C974DE /* Journaler.xcdatamodeld in Sources */,
				17132AA7108B3017007F6C24 /* UserPicCache.m in Sources */,
				1759F31B1093674E0008AA60 /* WebViewController.m in Sources */,
				17704A5F10A238C100C1EFB2 /* ALAppUse.m in Sources */,
				17704A6010A238C100C1EFB2 /* ALDeviceInfo.m in Sources */,
				17704A6110A238C100C1EFB2 /* ALReporter.m in Sources */,
				176E72A010B1FE9E000B9127 /* ALProperty.m in Sources */,
				17B62DB810B7355600C974DE /* AccountTabBarController.m in Sources */,
				17B6345510B8D31900C974DE /* v1-v2.xcmappingmodel in Sources */,
				17B462E510BA2647004D0E0F /* PostPreviewCell.m in Sources */,
				17B462E910BA2659004D0E0F /* PostPreviewView.m in Sources */,
				17B4666210BB4854004D0E0F /* FriendsPageController.m in Sources */,
				173FB76710BB490600FD0652 /* LJFriendsPageController.m in Sources */,
				173FB7EA10BB4F9F00FD0652 /* WebFriendsPageController.m in Sources */,
				173FBEFA10C4758300FD0652 /* PostOptionsController.m in Sources */,
				173FBFC310C4A3CD00FD0652 /* PostJournalController.m in Sources */,
				173FC15610C5F53700FD0652 /* PostSecurityController.m in Sources */,
				17B29B0810FA48A700C5EFA4 /* AccountsViewController.m in Sources */,
				17B29BE610FA826700C5EFA4 /* SettingsController.m in Sources */,
				17070742110203D70074F836 /* NetworkActivityIndicator.m in Sources */,
				170707C41102914A0074F836 /* ErrorHandling.m in Sources */,
				170708B01104261E0074F836 /* Settings.m in Sources */,
				170708BC110448E50074F836 /* SettingsStartUpScreenController.m in Sources */,
			);
			runOnlyForDeploymentPostprocessing = 0;
		};
/* End PBXSourcesBuildPhase section */

/* Begin XCBuildConfiguration section */
		174D89CF109A418D0055AA82 /* Distribution (App Store) */ = {
			isa = XCBuildConfiguration;
			buildSettings = {
				ARCHS = "$(ARCHS_STANDARD_32_BIT)";
				CODE_SIGN_ENTITLEMENTS = Entitlements.plist;
				"CODE_SIGN_IDENTITY[sdk=iphoneos*]" = "iPhone Distribution: A25 Ltd.";
				GCC_C_LANGUAGE_STANDARD = c99;
				GCC_WARN_ABOUT_RETURN_TYPE = YES;
				GCC_WARN_UNUSED_VARIABLE = YES;
				IPHONEOS_DEPLOYMENT_TARGET = 3.0;
				PREBINDING = NO;
				"PROVISIONING_PROFILE[sdk=iphoneos*]" = "67BC3A29-F724-45F9-974A-33D04C375EC2";
				SDKROOT = iphoneos3.0;
			};
			name = "Distribution (App Store)";
		};
		174D89D0109A418D0055AA82 /* Distribution (App Store) */ = {
			isa = XCBuildConfiguration;
			buildSettings = {
				ALWAYS_SEARCH_USER_PATHS = NO;
				COPY_PHASE_STRIP = YES;
				GCC_PRECOMPILE_PREFIX_HEADER = YES;
				GCC_PREFIX_HEADER = Journaler_Prefix.pch;
				INFOPLIST_FILE = "Journaler-Info.plist";
				OTHER_LDFLAGS = "-licucore";
				PRODUCT_NAME = Journaler;
			};
			name = "Distribution (App Store)";
		};
		174D89D1109A418D0055AA82 /* Distribution (App Store) */ = {
			isa = XCBuildConfiguration;
			buildSettings = {
				ALWAYS_SEARCH_USER_PATHS = NO;
				"CODE_SIGN_IDENTITY[sdk=iphoneos*]" = "iPhone Distribution: A25 Ltd.";
				COPY_PHASE_STRIP = YES;
				GCC_PRECOMPILE_PREFIX_HEADER = YES;
				GCC_PREFIX_HEADER = Journaler_Prefix.pch;
				INFOPLIST_FILE = "/Users/amjaliks/xcode/Jounaler/JournalerLite-Info.plist";
				LIBRARY_SEARCH_PATHS = (
					"$(inherited)",
					"\"$(SRCROOT)/Classes\"",
				);
				OTHER_CFLAGS = "-DLITEVERSION";
				OTHER_LDFLAGS = "-licucore";
				PRODUCT_NAME = "Journaler Lite";
				"PROVISIONING_PROFILE[sdk=iphoneos*]" = "5EE54C79-D994-4C7E-8CC5-9E9EF523EB78";
			};
			name = "Distribution (App Store)";
		};
		1750B1801097B3F900C1D2A8 /* Debug */ = {
			isa = XCBuildConfiguration;
			buildSettings = {
				ALWAYS_SEARCH_USER_PATHS = NO;
				COPY_PHASE_STRIP = NO;
				GCC_DYNAMIC_NO_PIC = NO;
				GCC_OPTIMIZATION_LEVEL = 0;
				GCC_PRECOMPILE_PREFIX_HEADER = YES;
				GCC_PREFIX_HEADER = Journaler_Prefix.pch;
				INFOPLIST_FILE = "/Users/amjaliks/xcode/Jounaler/JournalerLite-Info.plist";
				LIBRARY_SEARCH_PATHS = (
					"$(inherited)",
					"\"$(SRCROOT)/Classes\"",
				);
				OTHER_CFLAGS = (
					"-DLITEVERSION",
					"-DDEBUG",
				);
				OTHER_LDFLAGS = "-licucore";
				PRODUCT_NAME = "Journaler Lite";
			};
			name = Debug;
		};
		1750B1811097B3F900C1D2A8 /* Release */ = {
			isa = XCBuildConfiguration;
			buildSettings = {
				ALWAYS_SEARCH_USER_PATHS = NO;
				COPY_PHASE_STRIP = YES;
				GCC_PRECOMPILE_PREFIX_HEADER = YES;
				GCC_PREFIX_HEADER = Journaler_Prefix.pch;
				INFOPLIST_FILE = "/Users/amjaliks/xcode/Jounaler/JournalerLite-Info.plist";
				LIBRARY_SEARCH_PATHS = (
					"$(inherited)",
					"\"$(SRCROOT)/Classes\"",
				);
				OTHER_CFLAGS = "-DLITEVERSION";
				OTHER_LDFLAGS = "-licucore";
				PRODUCT_NAME = "Journaler Lite";
			};
			name = Release;
		};
		1750B1821097B3F900C1D2A8 /* Distribution (Ad Hoc) */ = {
			isa = XCBuildConfiguration;
			buildSettings = {
				ALWAYS_SEARCH_USER_PATHS = NO;
				"CODE_SIGN_IDENTITY[sdk=iphoneos*]" = "iPhone Distribution: A25 Ltd.";
				COPY_PHASE_STRIP = YES;
				GCC_PRECOMPILE_PREFIX_HEADER = YES;
				GCC_PREFIX_HEADER = Journaler_Prefix.pch;
				INFOPLIST_FILE = "/Users/amjaliks/xcode/Jounaler/JournalerLite-Info.plist";
				LIBRARY_SEARCH_PATHS = (
					"$(inherited)",
					"\"$(SRCROOT)/Classes\"",
				);
				OTHER_CFLAGS = "-DLITEVERSION";
				OTHER_LDFLAGS = "-licucore";
				PRODUCT_NAME = "Journaler Lite";
				"PROVISIONING_PROFILE[sdk=iphoneos*]" = "D368EE81-0AAE-4FF1-9CB3-A18373338E71";
			};
			name = "Distribution (Ad Hoc)";
		};
		17DB0C8110765F9300155636 /* Distribution (Ad Hoc) */ = {
			isa = XCBuildConfiguration;
			buildSettings = {
				ARCHS = "$(ARCHS_STANDARD_32_BIT)";
				CODE_SIGN_ENTITLEMENTS = Entitlements.plist;
				"CODE_SIGN_IDENTITY[sdk=iphoneos*]" = "iPhone Distribution: A25 Ltd.";
				GCC_C_LANGUAGE_STANDARD = c99;
				GCC_WARN_ABOUT_RETURN_TYPE = YES;
				GCC_WARN_UNUSED_VARIABLE = YES;
				IPHONEOS_DEPLOYMENT_TARGET = 3.0;
				PREBINDING = NO;
				"PROVISIONING_PROFILE[sdk=iphoneos*]" = "18BDE38A-F618-4DE3-8CEE-4D7D22FFF6E0";
				SDKROOT = iphoneos3.0;
			};
			name = "Distribution (Ad Hoc)";
		};
		17DB0C8210765F9300155636 /* Distribution (Ad Hoc) */ = {
			isa = XCBuildConfiguration;
			buildSettings = {
				ALWAYS_SEARCH_USER_PATHS = NO;
				COPY_PHASE_STRIP = YES;
				GCC_PRECOMPILE_PREFIX_HEADER = YES;
				GCC_PREFIX_HEADER = Journaler_Prefix.pch;
				INFOPLIST_FILE = "Journaler-Info.plist";
				OTHER_LDFLAGS = "-licucore";
				PRODUCT_NAME = Journaler;
			};
			name = "Distribution (Ad Hoc)";
		};
		1D6058940D05DD3E006BFB54 /* Debug */ = {
			isa = XCBuildConfiguration;
			buildSettings = {
				ALWAYS_SEARCH_USER_PATHS = NO;
				COPY_PHASE_STRIP = NO;
				GCC_DYNAMIC_NO_PIC = NO;
				GCC_OPTIMIZATION_LEVEL = 0;
				GCC_PRECOMPILE_PREFIX_HEADER = YES;
				GCC_PREFIX_HEADER = Journaler_Prefix.pch;
				INFOPLIST_FILE = "Journaler-Info.plist";
				OTHER_LDFLAGS = "-licucore";
				PRODUCT_NAME = Journaler;
			};
			name = Debug;
		};
		1D6058950D05DD3E006BFB54 /* Release */ = {
			isa = XCBuildConfiguration;
			buildSettings = {
				ALWAYS_SEARCH_USER_PATHS = NO;
				COPY_PHASE_STRIP = YES;
				GCC_PRECOMPILE_PREFIX_HEADER = YES;
				GCC_PREFIX_HEADER = Journaler_Prefix.pch;
				INFOPLIST_FILE = "Journaler-Info.plist";
				OTHER_LDFLAGS = "-licucore";
				PRODUCT_NAME = Journaler;
			};
			name = Release;
		};
		C01FCF4F08A954540054247B /* Debug */ = {
			isa = XCBuildConfiguration;
			buildSettings = {
				ARCHS = "$(ARCHS_STANDARD_32_BIT)";
				"CODE_SIGN_IDENTITY[sdk=iphoneos*]" = "iPhone Developer";
				GCC_C_LANGUAGE_STANDARD = c99;
				GCC_WARN_ABOUT_RETURN_TYPE = YES;
				GCC_WARN_UNUSED_VARIABLE = YES;
				IPHONEOS_DEPLOYMENT_TARGET = 3.0;
				OTHER_CFLAGS = "-DDEBUG";
				PREBINDING = NO;
				SDKROOT = iphoneos3.0;
			};
			name = Debug;
		};
		C01FCF5008A954540054247B /* Release */ = {
			isa = XCBuildConfiguration;
			buildSettings = {
				ARCHS = "$(ARCHS_STANDARD_32_BIT)";
				"CODE_SIGN_IDENTITY[sdk=iphoneos*]" = "iPhone Developer";
				GCC_C_LANGUAGE_STANDARD = c99;
				GCC_WARN_ABOUT_RETURN_TYPE = YES;
				GCC_WARN_UNUSED_VARIABLE = YES;
				IPHONEOS_DEPLOYMENT_TARGET = 3.0;
				PREBINDING = NO;
				SDKROOT = iphoneos3.0;
			};
			name = Release;
		};
/* End XCBuildConfiguration section */

/* Begin XCConfigurationList section */
		1750B17F1097B3F900C1D2A8 /* Build configuration list for PBXNativeTarget "Journaler Lite" */ = {
			isa = XCConfigurationList;
			buildConfigurations = (
				1750B1801097B3F900C1D2A8 /* Debug */,
				1750B1811097B3F900C1D2A8 /* Release */,
				1750B1821097B3F900C1D2A8 /* Distribution (Ad Hoc) */,
				174D89D1109A418D0055AA82 /* Distribution (App Store) */,
			);
			defaultConfigurationIsVisible = 0;
			defaultConfigurationName = Release;
		};
		1D6058960D05DD3E006BFB54 /* Build configuration list for PBXNativeTarget "Journaler" */ = {
			isa = XCConfigurationList;
			buildConfigurations = (
				1D6058940D05DD3E006BFB54 /* Debug */,
				1D6058950D05DD3E006BFB54 /* Release */,
				17DB0C8210765F9300155636 /* Distribution (Ad Hoc) */,
				174D89D0109A418D0055AA82 /* Distribution (App Store) */,
			);
			defaultConfigurationIsVisible = 0;
			defaultConfigurationName = Release;
		};
		C01FCF4E08A954540054247B /* Build configuration list for PBXProject "Journaler" */ = {
			isa = XCConfigurationList;
			buildConfigurations = (
				C01FCF4F08A954540054247B /* Debug */,
				C01FCF5008A954540054247B /* Release */,
				17DB0C8110765F9300155636 /* Distribution (Ad Hoc) */,
				174D89CF109A418D0055AA82 /* Distribution (App Store) */,
			);
			defaultConfigurationIsVisible = 0;
			defaultConfigurationName = Release;
		};
/* End XCConfigurationList section */

/* Begin XCVersionGroup section */
		17B6340710B8CF8000C974DE /* Journaler.xcdatamodeld */ = {
			isa = XCVersionGroup;
			children = (
				17132865108A4A89007F6C24 /* Journaler.xcdatamodel */,
				17B6340A10B8CF8000C974DE /* Journaler 2.xcdatamodel */,
			);
			currentVersion = 17B6340A10B8CF8000C974DE /* Journaler 2.xcdatamodel */;
			path = Journaler.xcdatamodeld;
			sourceTree = "<group>";
			versionGroupType = wrapper.xcdatamodel;
		};
/* End XCVersionGroup section */
	};
	rootObject = 29B97313FDCFA39411CA2CEA /* Project object */;
}
